{
  "object": {
    "pins": [
      {
        "package": "Sentry",
        "repositoryURL": "https://github.com/getsentry/sentry-cocoa.git",
        "state": {
          "branch": null,
          "revision": "afa7510e05b99f35c1febe47566bfd868fa53fb9",
          "version": "9.23.0"
        }
      }
    ]
  },
  "version": 1
}
