{
  "object": {
    "pins": [
      {
        "package": "Sentry",
        "repositoryURL": "https://github.com/getsentry/sentry-cocoa.git",
        "state": {
          "branch": null,
          "revision": "d9df1c4e8d8466c7f8b3c56150378927dadf1b8e",
          "version": "9.29.0"
        }
      }
    ]
  },
  "version": 1
}
