{
  "object": {
    "pins": [
      {
        "package": "Sentry",
        "repositoryURL": "https://github.com/getsentry/sentry-cocoa.git",
        "state": {
          "branch": null,
          "revision": "00a2fec32ea665b81e406419e078bb713238e23f",
          "version": "9.19.0"
        }
      }
    ]
  },
  "version": 1
}
