// !$*UTF8*$!
{
	archiveVersion = 1;
	classes = {
	};
	objectVersion = 50;
	objects = {

/* Begin PBXBuildFile section */
		3C97106CC2ED542F9C925393 /* SearchView.swift in Sources */ = {isa = PBXBuildFile; fileRef = 3C971C135C606EE0731474C1 /* SearchView.swift */; };
		3C9710E76C31464CC200DFD2 /* StringExtensions.swift in Sources */ = {isa = PBXBuildFile; fileRef = 3C971F48BAFFB74A37D211A9 /* StringExtensions.swift */; };
		3C971134B2BA7B2C12850EA4 /* iTunesAPI.swift in Sources */ = {isa = PBXBuildFile; fileRef = 3C971C6B51EE6CD665D4A403 /* iTunesAPI.swift */; };
		3C97129C61CC1A955B95A065 /* PodcastsService.swift in Sources */ = {isa = PBXBuildFile; fileRef = 3C971723CE2D21838CA28A17 /* PodcastsService.swift */; };
		3C97138F52C25CAD48A3B646 /* SearchResult.swift in Sources */ = {isa = PBXBuildFile; fileRef = 3C971C07C76FE92739F74FFD /* SearchResult.swift */; };
		3C9715633CEBE0B61341C521 /* Services in Resources */ = {isa = PBXBuildFile; fileRef = 6990964023A7BECA003CD84B /* Services */; };
		3C9715F4113E37949967C9CB /* UserDefaultsExtensions.swift in Sources */ = {isa = PBXBuildFile; fileRef = 3C97154BC40270F17901277D /* UserDefaultsExtensions.swift */; };
		3C9716B090C9A66F42F128DB /* EpisodeViewModel.swift in Sources */ = {isa = PBXBuildFile; fileRef = 3C9714AA98482F1A0C36EBB6 /* EpisodeViewModel.swift */; };
		3C9716EF07E4293B0E40E8CA /* Date+Formatter.swift in Sources */ = {isa = PBXBuildFile; fileRef = 3C9711D8F371E272DD05A4FE /* Date+Formatter.swift */; };
		3C9717CA1F315DA8237F8BD1 /* AppDelegate+Container.swift in Sources */ = {isa = PBXBuildFile; fileRef = 3C971EC568364DC690C196CB /* AppDelegate+Container.swift */; };
		3C9718098083BD38BFBE2669 /* PodcastViewModel.swift in Sources */ = {isa = PBXBuildFile; fileRef = 3C9713D3BA9B633D281B112C /* PodcastViewModel.swift */; };
		3C97194B7BD77E3826174A58 /* SearchViewModel.swift in Sources */ = {isa = PBXBuildFile; fileRef = 3C9710B4B8FCA844FD5C64B9 /* SearchViewModel.swift */; };
		3C971AE0A08728A9C2B98AA1 /* RSSFeedExtensions.swift in Sources */ = {isa = PBXBuildFile; fileRef = 3C9712724BA85E2C41B03698 /* RSSFeedExtensions.swift */; };
		3C971B190E0481501A01FCAA /* UIImage+Color.swift in Sources */ = {isa = PBXBuildFile; fileRef = 3C971A0440F479FCFDB7785A /* UIImage+Color.swift */; };
		3C971BFDB82035C41331D7C2 /* Container.swift in Sources */ = {isa = PBXBuildFile; fileRef = 3C9718D165CF4269255FAB8B /* Container.swift */; };
		3C971C16F4995A198278A95E /* PodcastsView.swift in Sources */ = {isa = PBXBuildFile; fileRef = 3C9713AFE1E123C88B94492A /* PodcastsView.swift */; };
		3C971C30EB48EF6D2FF3A72B /* SearchBar.swift in Sources */ = {isa = PBXBuildFile; fileRef = 3C971A4345203F9DF06FAC0E /* SearchBar.swift */; };
		3C971CC4E9D55297259682A0 /* UIApplicationExtension.swift in Sources */ = {isa = PBXBuildFile; fileRef = 3C971B776E0ACA1725DA64BE /* UIApplicationExtension.swift */; };
		3C971CD750412CE50AE1DB23 /* NotificationExtension.swift in Sources */ = {isa = PBXBuildFile; fileRef = 3C97180A79CD7ABB2D7B4F4F /* NotificationExtension.swift */; };
		3C971CFBFDD88DB73AADF250 /* ImagesLoader.swift in Sources */ = {isa = PBXBuildFile; fileRef = 3C971ED7EDA852540768C440 /* ImagesLoader.swift */; };
		3C971DFA67D427BBE6B90E86 /* Int+Timestamp.swift in Sources */ = {isa = PBXBuildFile; fileRef = 3C9710F865D82DCA93409283 /* Int+Timestamp.swift */; };
		3C971E5F08C879227D844941 /* NetworkingService.swift in Sources */ = {isa = PBXBuildFile; fileRef = 3C9711354485994B0C262693 /* NetworkingService.swift */; };
		3C971F40C7CF5BF38F7919B8 /* Player.swift in Sources */ = {isa = PBXBuildFile; fileRef = 3C97127A1EE265257B5068FD /* Player.swift */; };
		3C971F4F1DA0E43161B5C7D5 /* PodcastsViewModel.swift in Sources */ = {isa = PBXBuildFile; fileRef = 3C9713C91D2773D59095BCA4 /* PodcastsViewModel.swift */; };
		696A1B8923E7242C00D24E0B /* KingfisherSwiftUI.framework in Frameworks */ = {isa = PBXBuildFile; fileRef = 3C97133A4ABCCD942B0068E4 /* KingfisherSwiftUI.framework */; };
		69788C8523A7E26800D3B585 /* Moya.framework in Frameworks */ = {isa = PBXBuildFile; fileRef = 69788C8423A7E26800D3B585 /* Moya.framework */; };
		69788C8723A84DFC00D3B585 /* FeedKit.framework in Frameworks */ = {isa = PBXBuildFile; fileRef = 69788C8623A84DFC00D3B585 /* FeedKit.framework */; };
		69897C9623B2DA6A0017C53A /* Alamofire.framework in Embed Frameworks */ = {isa = PBXBuildFile; fileRef = 69897C9423B2DA690017C53A /* Alamofire.framework */; settings = {ATTRIBUTES = (CodeSignOnCopy, RemoveHeadersOnCopy, ); }; };
		C307F2DA22ABEFEA001579EA /* HomeView.swift in Sources */ = {isa = PBXBuildFile; fileRef = C307F2D922ABEFEA001579EA /* HomeView.swift */; };
		C307F2FC22AC18DA001579EA /* PodcastRow.swift in Sources */ = {isa = PBXBuildFile; fileRef = C307F2FB22AC18DA001579EA /* PodcastRow.swift */; };
		C307F30222AC1C0E001579EA /* PodcastView.swift in Sources */ = {isa = PBXBuildFile; fileRef = C307F30122AC1C0E001579EA /* PodcastView.swift */; };
		C307F30522ACFF4B001579EA /* Episode.swift in Sources */ = {isa = PBXBuildFile; fileRef = C307F30422ACFF4B001579EA /* Episode.swift */; };
		C307F30B22AD01A1001579EA /* EpisodeView.swift in Sources */ = {isa = PBXBuildFile; fileRef = C307F30A22AD01A1001579EA /* EpisodeView.swift */; };
		C307F30F22AD5E89001579EA /* EpisodeRow.swift in Sources */ = {isa = PBXBuildFile; fileRef = C307F30E22AD5E89001579EA /* EpisodeRow.swift */; };
		C3968F0B22AA416C004CB76C /* AppDelegate.swift in Sources */ = {isa = PBXBuildFile; fileRef = C3968F0A22AA416C004CB76C /* AppDelegate.swift */; };
		C3968F0D22AA416C004CB76C /* SceneDelegate.swift in Sources */ = {isa = PBXBuildFile; fileRef = C3968F0C22AA416C004CB76C /* SceneDelegate.swift */; };
		C3968F1122AA416E004CB76C /* Assets.xcassets in Resources */ = {isa = PBXBuildFile; fileRef = C3968F1022AA416E004CB76C /* Assets.xcassets */; };
		C3968F1722AA416E004CB76C /* LaunchScreen.storyboard in Resources */ = {isa = PBXBuildFile; fileRef = C3968F1522AA416E004CB76C /* LaunchScreen.storyboard */; };
		C3C2441822AE84440021050F /* Kingfisher.framework in Frameworks */ = {isa = PBXBuildFile; fileRef = C3D56D0422AE81C600B0A948 /* Kingfisher.framework */; };
		C3D56D0222AE7C7000B0A948 /* PodcastHeaderView.swift in Sources */ = {isa = PBXBuildFile; fileRef = C3D56D0122AE7C7000B0A948 /* PodcastHeaderView.swift */; };
		C3E3AFC722B8BF750038821F /* ProgressView.swift in Sources */ = {isa = PBXBuildFile; fileRef = C3E3AFC622B8BF750038821F /* ProgressView.swift */; };
		C3F51E7A22AF8A8C00279F4C /* Spinner.swift in Sources */ = {isa = PBXBuildFile; fileRef = C3F51E7922AF8A8C00279F4C /* Spinner.swift */; };
		C3F5D70122B04FDC00C25132 /* PlayerView.swift in Sources */ = {isa = PBXBuildFile; fileRef = C3F5D70022B04FDC00C25132 /* PlayerView.swift */; };
		C3FE2D0122AAACF300B814BE /* AnySubscription.swift in Sources */ = {isa = PBXBuildFile; fileRef = C3FE2D0022AAACF300B814BE /* AnySubscription.swift */; };
		C3FE2D0B22AAC6B500B814BE /* Podcast.swift in Sources */ = {isa = PBXBuildFile; fileRef = C3FE2D0A22AAC6B500B814BE /* Podcast.swift */; };
/* End PBXBuildFile section */

/* Begin PBXContainerItemProxy section */
		C3968F1E22AA416E004CB76C /* PBXContainerItemProxy */ = {
			isa = PBXContainerItemProxy;
			containerPortal = C3968EFF22AA416C004CB76C /* Project object */;
			proxyType = 1;
			remoteGlobalIDString = C3968F0622AA416C004CB76C;
			remoteInfo = Podcasts;
		};
/* End PBXContainerItemProxy section */

/* Begin PBXCopyFilesBuildPhase section */
		69897C9723B2DA6A0017C53A /* Embed Frameworks */ = {
			isa = PBXCopyFilesBuildPhase;
			buildActionMask = 2147483647;
			dstPath = "";
			dstSubfolderSpec = 10;
			files = (
				69897C9623B2DA6A0017C53A /* Alamofire.framework in Embed Frameworks */,
			);
			name = "Embed Frameworks";
			runOnlyForDeploymentPostprocessing = 0;
		};
/* End PBXCopyFilesBuildPhase section */

/* Begin PBXFileReference section */
		3C9710B4B8FCA844FD5C64B9 /* SearchViewModel.swift */ = {isa = PBXFileReference; fileEncoding = 4; lastKnownFileType = sourcecode.swift; path = SearchViewModel.swift; sourceTree = "<group>"; };
		3C9710F865D82DCA93409283 /* Int+Timestamp.swift */ = {isa = PBXFileReference; fileEncoding = 4; lastKnownFileType = sourcecode.swift; name = "Int+Timestamp.swift"; path = "Extensions/Int+Timestamp.swift"; sourceTree = "<group>"; };
		3C9711354485994B0C262693 /* NetworkingService.swift */ = {isa = PBXFileReference; fileEncoding = 4; lastKnownFileType = sourcecode.swift; name = NetworkingService.swift; path = Services/Networking/NetworkingService.swift; sourceTree = "<group>"; };
		3C9711D8F371E272DD05A4FE /* Date+Formatter.swift */ = {isa = PBXFileReference; fileEncoding = 4; lastKnownFileType = sourcecode.swift; name = "Date+Formatter.swift"; path = "Extensions/Date+Formatter.swift"; sourceTree = "<group>"; };
		3C9712724BA85E2C41B03698 /* RSSFeedExtensions.swift */ = {isa = PBXFileReference; fileEncoding = 4; lastKnownFileType = sourcecode.swift; name = RSSFeedExtensions.swift; path = Extensions/RSSFeedExtensions.swift; sourceTree = "<group>"; };
		3C97127A1EE265257B5068FD /* Player.swift */ = {isa = PBXFileReference; fileEncoding = 4; lastKnownFileType = sourcecode.swift; path = Player.swift; sourceTree = "<group>"; };
		3C9712A909CB5AB96DD31ADE /* SwiftUI.framework */ = {isa = PBXFileReference; lastKnownFileType = wrapper.framework; name = SwiftUI.framework; path = System/Library/Frameworks/SwiftUI.framework; sourceTree = SDKROOT; };
		3C97133A4ABCCD942B0068E4 /* KingfisherSwiftUI.framework */ = {isa = PBXFileReference; lastKnownFileType = wrapper.framework; name = KingfisherSwiftUI.framework; path = "/Users/doriadong/git/podcasts-swift-ui/Carthage/Build/iOS/KingfisherSwiftUI.framework"; sourceTree = "<absolute>"; };
		3C9713AFE1E123C88B94492A /* PodcastsView.swift */ = {isa = PBXFileReference; fileEncoding = 4; lastKnownFileType = sourcecode.swift; name = PodcastsView.swift; path = Podcasts/PodcastsView.swift; sourceTree = "<group>"; };
		3C9713C91D2773D59095BCA4 /* PodcastsViewModel.swift */ = {isa = PBXFileReference; fileEncoding = 4; lastKnownFileType = sourcecode.swift; name = PodcastsViewModel.swift; path = Podcasts/PodcastsViewModel.swift; sourceTree = "<group>"; };
		3C9713D3BA9B633D281B112C /* PodcastViewModel.swift */ = {isa = PBXFileReference; fileEncoding = 4; lastKnownFileType = sourcecode.swift; path = PodcastViewModel.swift; sourceTree = "<group>"; };
		3C9714AA98482F1A0C36EBB6 /* EpisodeViewModel.swift */ = {isa = PBXFileReference; fileEncoding = 4; lastKnownFileType = sourcecode.swift; path = EpisodeViewModel.swift; sourceTree = "<group>"; };
		3C97154BC40270F17901277D /* UserDefaultsExtensions.swift */ = {isa = PBXFileReference; fileEncoding = 4; lastKnownFileType = sourcecode.swift; name = UserDefaultsExtensions.swift; path = Extensions/UserDefaultsExtensions.swift; sourceTree = "<group>"; };
		3C971723CE2D21838CA28A17 /* PodcastsService.swift */ = {isa = PBXFileReference; fileEncoding = 4; lastKnownFileType = sourcecode.swift; name = PodcastsService.swift; path = Services/PodcastsService.swift; sourceTree = "<group>"; };
		3C97180A79CD7ABB2D7B4F4F /* NotificationExtension.swift */ = {isa = PBXFileReference; fileEncoding = 4; lastKnownFileType = sourcecode.swift; name = NotificationExtension.swift; path = Extensions/NotificationExtension.swift; sourceTree = "<group>"; };
		3C9718D165CF4269255FAB8B /* Container.swift */ = {isa = PBXFileReference; fileEncoding = 4; lastKnownFileType = sourcecode.swift; name = Container.swift; path = Extensions/Container.swift; sourceTree = "<group>"; };
		3C971A0440F479FCFDB7785A /* UIImage+Color.swift */ = {isa = PBXFileReference; fileEncoding = 4; lastKnownFileType = sourcecode.swift; name = "UIImage+Color.swift"; path = "Extensions/UIImage+Color.swift"; sourceTree = "<group>"; };
		3C971A4345203F9DF06FAC0E /* SearchBar.swift */ = {isa = PBXFileReference; fileEncoding = 4; lastKnownFileType = sourcecode.swift; path = SearchBar.swift; sourceTree = "<group>"; };
		3C971B776E0ACA1725DA64BE /* UIApplicationExtension.swift */ = {isa = PBXFileReference; fileEncoding = 4; lastKnownFileType = sourcecode.swift; name = UIApplicationExtension.swift; path = Extensions/UIApplicationExtension.swift; sourceTree = "<group>"; };
		3C971C07C76FE92739F74FFD /* SearchResult.swift */ = {isa = PBXFileReference; fileEncoding = 4; lastKnownFileType = sourcecode.swift; path = SearchResult.swift; sourceTree = "<group>"; };
		3C971C135C606EE0731474C1 /* SearchView.swift */ = {isa = PBXFileReference; fileEncoding = 4; lastKnownFileType = sourcecode.swift; path = SearchView.swift; sourceTree = "<group>"; };
		3C971C6B51EE6CD665D4A403 /* iTunesAPI.swift */ = {isa = PBXFileReference; fileEncoding = 4; lastKnownFileType = sourcecode.swift; name = iTunesAPI.swift; path = Services/Networking/iTunesAPI.swift; sourceTree = "<group>"; };
		3C971EC568364DC690C196CB /* AppDelegate+Container.swift */ = {isa = PBXFileReference; fileEncoding = 4; lastKnownFileType = sourcecode.swift; name = "AppDelegate+Container.swift"; path = "Extensions/AppDelegate+Container.swift"; sourceTree = "<group>"; };
		3C971ED7EDA852540768C440 /* ImagesLoader.swift */ = {isa = PBXFileReference; fileEncoding = 4; lastKnownFileType = sourcecode.swift; name = ImagesLoader.swift; path = Extensions/ImagesLoader.swift; sourceTree = "<group>"; };
		3C971F48BAFFB74A37D211A9 /* StringExtensions.swift */ = {isa = PBXFileReference; fileEncoding = 4; lastKnownFileType = sourcecode.swift; name = StringExtensions.swift; path = Extensions/StringExtensions.swift; sourceTree = "<group>"; };
		69788C8423A7E26800D3B585 /* Moya.framework */ = {isa = PBXFileReference; lastKnownFileType = wrapper.framework; name = Moya.framework; path = Carthage/Build/iOS/Moya.framework; sourceTree = "<group>"; };
		69788C8623A84DFC00D3B585 /* FeedKit.framework */ = {isa = PBXFileReference; lastKnownFileType = wrapper.framework; name = FeedKit.framework; path = Carthage/Build/iOS/FeedKit.framework; sourceTree = "<group>"; };
		69897C9323B2DA4F0017C53A /* podcasts-swift-ui */ = {isa = PBXFileReference; lastKnownFileType = folder; path = "podcasts-swift-ui"; sourceTree = "<group>"; };
		69897C9423B2DA690017C53A /* Alamofire.framework */ = {isa = PBXFileReference; lastKnownFileType = wrapper.framework; name = Alamofire.framework; path = Carthage/Build/iOS/Alamofire.framework; sourceTree = "<group>"; };
		6990964023A7BECA003CD84B /* Services */ = {isa = PBXFileReference; lastKnownFileType = folder; path = Services; sourceTree = "<group>"; };
		C307F2D922ABEFEA001579EA /* HomeView.swift */ = {isa = PBXFileReference; lastKnownFileType = sourcecode.swift; path = HomeView.swift; sourceTree = "<group>"; };
		C307F2FB22AC18DA001579EA /* PodcastRow.swift */ = {isa = PBXFileReference; lastKnownFileType = sourcecode.swift; path = PodcastRow.swift; sourceTree = "<group>"; };
		C307F30122AC1C0E001579EA /* PodcastView.swift */ = {isa = PBXFileReference; lastKnownFileType = sourcecode.swift; path = PodcastView.swift; sourceTree = "<group>"; };
		C307F30422ACFF4B001579EA /* Episode.swift */ = {isa = PBXFileReference; lastKnownFileType = sourcecode.swift; path = Episode.swift; sourceTree = "<group>"; };
		C307F30A22AD01A1001579EA /* EpisodeView.swift */ = {isa = PBXFileReference; lastKnownFileType = sourcecode.swift; path = EpisodeView.swift; sourceTree = "<group>"; };
		C307F30E22AD5E89001579EA /* EpisodeRow.swift */ = {isa = PBXFileReference; lastKnownFileType = sourcecode.swift; path = EpisodeRow.swift; sourceTree = "<group>"; };
		C3968F0722AA416C004CB76C /* Podcasts.app */ = {isa = PBXFileReference; explicitFileType = wrapper.application; includeInIndex = 0; path = Podcasts.app; sourceTree = BUILT_PRODUCTS_DIR; };
		C3968F0A22AA416C004CB76C /* AppDelegate.swift */ = {isa = PBXFileReference; lastKnownFileType = sourcecode.swift; path = AppDelegate.swift; sourceTree = "<group>"; };
		C3968F0C22AA416C004CB76C /* SceneDelegate.swift */ = {isa = PBXFileReference; lastKnownFileType = sourcecode.swift; path = SceneDelegate.swift; sourceTree = "<group>"; };
		C3968F1022AA416E004CB76C /* Assets.xcassets */ = {isa = PBXFileReference; lastKnownFileType = folder.assetcatalog; path = Assets.xcassets; sourceTree = "<group>"; };
		C3968F1622AA416E004CB76C /* Base */ = {isa = PBXFileReference; lastKnownFileType = file.storyboard; name = Base; path = Base.lproj/LaunchScreen.storyboard; sourceTree = "<group>"; };
		C3968F1822AA416E004CB76C /* Info.plist */ = {isa = PBXFileReference; lastKnownFileType = text.plist.xml; path = Info.plist; sourceTree = "<group>"; };
		C3968F1D22AA416E004CB76C /* PodcastsTests.xctest */ = {isa = PBXFileReference; explicitFileType = wrapper.cfbundle; includeInIndex = 0; path = PodcastsTests.xctest; sourceTree = BUILT_PRODUCTS_DIR; };
		C3968F2322AA416E004CB76C /* Info.plist */ = {isa = PBXFileReference; lastKnownFileType = text.plist.xml; path = Info.plist; sourceTree = "<group>"; };
		C3D56D0122AE7C7000B0A948 /* PodcastHeaderView.swift */ = {isa = PBXFileReference; lastKnownFileType = sourcecode.swift; path = PodcastHeaderView.swift; sourceTree = "<group>"; };
		C3D56D0422AE81C600B0A948 /* Kingfisher.framework */ = {isa = PBXFileReference; lastKnownFileType = wrapper.framework; name = Kingfisher.framework; path = Carthage/Build/iOS/Kingfisher.framework; sourceTree = "<group>"; };
		C3E3AFC622B8BF750038821F /* ProgressView.swift */ = {isa = PBXFileReference; lastKnownFileType = sourcecode.swift; path = ProgressView.swift; sourceTree = "<group>"; };
		C3F51E7922AF8A8C00279F4C /* Spinner.swift */ = {isa = PBXFileReference; lastKnownFileType = sourcecode.swift; path = Spinner.swift; sourceTree = "<group>"; };
		C3F5D70022B04FDC00C25132 /* PlayerView.swift */ = {isa = PBXFileReference; lastKnownFileType = sourcecode.swift; path = PlayerView.swift; sourceTree = "<group>"; };
		C3FE2D0022AAACF300B814BE /* AnySubscription.swift */ = {isa = PBXFileReference; lastKnownFileType = sourcecode.swift; path = AnySubscription.swift; sourceTree = "<group>"; };
		C3FE2D0A22AAC6B500B814BE /* Podcast.swift */ = {isa = PBXFileReference; lastKnownFileType = sourcecode.swift; path = Podcast.swift; sourceTree = "<group>"; };
/* End PBXFileReference section */

/* Begin PBXFrameworksBuildPhase section */
		C3968F0422AA416C004CB76C /* Frameworks */ = {
			isa = PBXFrameworksBuildPhase;
			buildActionMask = 2147483647;
			files = (
				696A1B8923E7242C00D24E0B /* KingfisherSwiftUI.framework in Frameworks */,
				69788C8723A84DFC00D3B585 /* FeedKit.framework in Frameworks */,
				69788C8523A7E26800D3B585 /* Moya.framework in Frameworks */,
				C3C2441822AE84440021050F /* Kingfisher.framework in Frameworks */,
			);
			runOnlyForDeploymentPostprocessing = 0;
		};
		C3968F1A22AA416E004CB76C /* Frameworks */ = {
			isa = PBXFrameworksBuildPhase;
			buildActionMask = 2147483647;
			files = (
			);
			runOnlyForDeploymentPostprocessing = 0;
		};
/* End PBXFrameworksBuildPhase section */

/* Begin PBXGroup section */
		C307F30022AC1BF9001579EA /* Podcast */ = {
			isa = PBXGroup;
			children = (
				C307F30E22AD5E89001579EA /* EpisodeRow.swift */,
				C3D56D0122AE7C7000B0A948 /* PodcastHeaderView.swift */,
				C307F30122AC1C0E001579EA /* PodcastView.swift */,
				3C9713D3BA9B633D281B112C /* PodcastViewModel.swift */,
			);
			path = Podcast;
			sourceTree = "<group>";
		};
		C307F30322ACFF35001579EA /* Models */ = {
			isa = PBXGroup;
			children = (
				C3FE2D0A22AAC6B500B814BE /* Podcast.swift */,
				C307F30422ACFF4B001579EA /* Episode.swift */,
				3C971C07C76FE92739F74FFD /* SearchResult.swift */,
			);
			path = Models;
			sourceTree = "<group>";
		};
		C307F30922AD0194001579EA /* Episode */ = {
			isa = PBXGroup;
			children = (
				C307F30A22AD01A1001579EA /* EpisodeView.swift */,
				3C9714AA98482F1A0C36EBB6 /* EpisodeViewModel.swift */,
			);
			path = Episode;
			sourceTree = "<group>";
		};
		C347ED1322AD8A4C007837A1 /* Assets */ = {
			isa = PBXGroup;
			children = (
				C3968F1022AA416E004CB76C /* Assets.xcassets */,
				C3968F1522AA416E004CB76C /* LaunchScreen.storyboard */,
			);
			path = Assets;
			sourceTree = "<group>";
		};
		C3968EFE22AA416C004CB76C = {
			isa = PBXGroup;
			children = (
				C3968F0922AA416C004CB76C /* Podcasts */,
				C3968F2022AA416E004CB76C /* PodcastsTests */,
				C3968F0822AA416C004CB76C /* Products */,
				C3D56D0322AE81C600B0A948 /* Frameworks */,
			);
			sourceTree = "<group>";
		};
		C3968F0822AA416C004CB76C /* Products */ = {
			isa = PBXGroup;
			children = (
				C3968F0722AA416C004CB76C /* Podcasts.app */,
				C3968F1D22AA416E004CB76C /* PodcastsTests.xctest */,
			);
			name = Products;
			sourceTree = "<group>";
		};
		C3968F0922AA416C004CB76C /* Podcasts */ = {
			isa = PBXGroup;
			children = (
				6990964023A7BECA003CD84B /* Services */,
				C3C2441D22AE868D0021050F /* Shared */,
				C347ED1322AD8A4C007837A1 /* Assets */,
				C3FE2D0722AAC63D00B814BE /* Scenes */,
				C3968F2C22AA4A25004CB76C /* Core */,
				C3968F0A22AA416C004CB76C /* AppDelegate.swift */,
				C3968F0C22AA416C004CB76C /* SceneDelegate.swift */,
				C3968F1822AA416E004CB76C /* Info.plist */,
				3C971C6B51EE6CD665D4A403 /* iTunesAPI.swift */,
				3C9711354485994B0C262693 /* NetworkingService.swift */,
				3C971723CE2D21838CA28A17 /* PodcastsService.swift */,
				3C971F48BAFFB74A37D211A9 /* StringExtensions.swift */,
				3C9712724BA85E2C41B03698 /* RSSFeedExtensions.swift */,
				3C97154BC40270F17901277D /* UserDefaultsExtensions.swift */,
				3C9718D165CF4269255FAB8B /* Container.swift */,
				3C971ED7EDA852540768C440 /* ImagesLoader.swift */,
				3C971EC568364DC690C196CB /* AppDelegate+Container.swift */,
				3C971A0440F479FCFDB7785A /* UIImage+Color.swift */,
				3C9711D8F371E272DD05A4FE /* Date+Formatter.swift */,
				3C9710F865D82DCA93409283 /* Int+Timestamp.swift */,
				3C97180A79CD7ABB2D7B4F4F /* NotificationExtension.swift */,
				3C971B776E0ACA1725DA64BE /* UIApplicationExtension.swift */,
			);
			path = Podcasts;
			sourceTree = "<group>";
		};
		C3968F2022AA416E004CB76C /* PodcastsTests */ = {
			isa = PBXGroup;
			children = (
				C3968F2322AA416E004CB76C /* Info.plist */,
			);
			path = PodcastsTests;
			sourceTree = "<group>";
		};
		C3968F2C22AA4A25004CB76C /* Core */ = {
			isa = PBXGroup;
			children = (
				C3E1087B22AFFDFE00F05D61 /* Player */,
				C3FE2D0922AAC68D00B814BE /* Podcasts */,
				C3FE2D0622AAC60900B814BE /* Extensions */,
				C3FE2D0022AAACF300B814BE /* AnySubscription.swift */,
			);
			path = Core;
			sourceTree = "<group>";
		};
		C3C2441D22AE868D0021050F /* Shared */ = {
			isa = PBXGroup;
			children = (
			);
			path = Shared;
			sourceTree = "<group>";
		};
		C3D56D0322AE81C600B0A948 /* Frameworks */ = {
			isa = PBXGroup;
			children = (
				69897C9423B2DA690017C53A /* Alamofire.framework */,
				69897C9323B2DA4F0017C53A /* podcasts-swift-ui */,
				69788C8623A84DFC00D3B585 /* FeedKit.framework */,
				69788C8423A7E26800D3B585 /* Moya.framework */,
				C3D56D0422AE81C600B0A948 /* Kingfisher.framework */,
				3C97133A4ABCCD942B0068E4 /* KingfisherSwiftUI.framework */,
				3C9712A909CB5AB96DD31ADE /* SwiftUI.framework */,
			);
			name = Frameworks;
			sourceTree = "<group>";
		};
		C3E1087B22AFFDFE00F05D61 /* Player */ = {
			isa = PBXGroup;
			children = (
			);
			path = Player;
			sourceTree = "<group>";
		};
		C3F51E7822AF8A6700279F4C /* Views */ = {
			isa = PBXGroup;
			children = (
				C3F51E7922AF8A8C00279F4C /* Spinner.swift */,
				C3E3AFC622B8BF750038821F /* ProgressView.swift */,
			);
			path = Views;
			sourceTree = "<group>";
		};
		C3F5D6FF22B04FC500C25132 /* Player */ = {
			isa = PBXGroup;
			children = (
				C3F5D70022B04FDC00C25132 /* PlayerView.swift */,
				3C97127A1EE265257B5068FD /* Player.swift */,
			);
			path = Player;
			sourceTree = "<group>";
		};
		C3FE2D0622AAC60900B814BE /* Extensions */ = {
			isa = PBXGroup;
			children = (
			);
			path = Extensions;
			sourceTree = "<group>";
		};
		C3FE2D0722AAC63D00B814BE /* Scenes */ = {
			isa = PBXGroup;
			children = (
				C3F5D6FF22B04FC500C25132 /* Player */,
				C3F51E7822AF8A6700279F4C /* Views */,
				C307F30922AD0194001579EA /* Episode */,
				C307F30022AC1BF9001579EA /* Podcast */,
				C3FE2D0822AAC64400B814BE /* Search */,
				C307F2D922ABEFEA001579EA /* HomeView.swift */,
				3C9713AFE1E123C88B94492A /* PodcastsView.swift */,
				3C9713C91D2773D59095BCA4 /* PodcastsViewModel.swift */,
			);
			path = Scenes;
			sourceTree = "<group>";
		};
		C3FE2D0822AAC64400B814BE /* Search */ = {
			isa = PBXGroup;
			children = (
				C307F2FB22AC18DA001579EA /* PodcastRow.swift */,
				3C971C135C606EE0731474C1 /* SearchView.swift */,
				3C971A4345203F9DF06FAC0E /* SearchBar.swift */,
				3C9710B4B8FCA844FD5C64B9 /* SearchViewModel.swift */,
			);
			path = Search;
			sourceTree = "<group>";
		};
		C3FE2D0922AAC68D00B814BE /* Podcasts */ = {
			isa = PBXGroup;
			children = (
				C307F30322ACFF35001579EA /* Models */,
			);
			path = Podcasts;
			sourceTree = "<group>";
		};
/* End PBXGroup section */

/* Begin PBXNativeTarget section */
		C3968F0622AA416C004CB76C /* Podcasts */ = {
			isa = PBXNativeTarget;
			buildConfigurationList = C3968F2622AA416E004CB76C /* Build configuration list for PBXNativeTarget "Podcasts" */;
			buildPhases = (
				C3968F0322AA416C004CB76C /* Sources */,
				C3968F0422AA416C004CB76C /* Frameworks */,
				C3968F0522AA416C004CB76C /* Resources */,
				C3D56D0822AE81D300B0A948 /* Carthage */,
				69897C9723B2DA6A0017C53A /* Embed Frameworks */,
			);
			buildRules = (
			);
			dependencies = (
			);
			name = Podcasts;
			productName = Podcasts;
			productReference = C3968F0722AA416C004CB76C /* Podcasts.app */;
			productType = "com.apple.product-type.application";
		};
		C3968F1C22AA416E004CB76C /* PodcastsTests */ = {
			isa = PBXNativeTarget;
			buildConfigurationList = C3968F2922AA416E004CB76C /* Build configuration list for PBXNativeTarget "PodcastsTests" */;
			buildPhases = (
				C3968F1922AA416E004CB76C /* Sources */,
				C3968F1A22AA416E004CB76C /* Frameworks */,
				C3968F1B22AA416E004CB76C /* Resources */,
			);
			buildRules = (
			);
			dependencies = (
				C3968F1F22AA416E004CB76C /* PBXTargetDependency */,
			);
			name = PodcastsTests;
			productName = PodcastsTests;
			productReference = C3968F1D22AA416E004CB76C /* PodcastsTests.xctest */;
			productType = "com.apple.product-type.bundle.unit-test";
		};
/* End PBXNativeTarget section */

/* Begin PBXProject section */
		C3968EFF22AA416C004CB76C /* Project object */ = {
			isa = PBXProject;
			attributes = {
				LastSwiftUpdateCheck = 1100;
				LastUpgradeCheck = 1120;
				ORGANIZATIONNAME = io.github.manuzhang;
				TargetAttributes = {
					C3968F0622AA416C004CB76C = {
						CreatedOnToolsVersion = 11.0;
					};
					C3968F1C22AA416E004CB76C = {
						CreatedOnToolsVersion = 11.0;
						TestTargetID = C3968F0622AA416C004CB76C;
					};
				};
			};
			buildConfigurationList = C3968F0222AA416C004CB76C /* Build configuration list for PBXProject "Podcasts" */;
			compatibilityVersion = "Xcode 9.3";
			developmentRegion = en;
			hasScannedForEncodings = 0;
			knownRegions = (
				en,
				Base,
			);
			mainGroup = C3968EFE22AA416C004CB76C;
			productRefGroup = C3968F0822AA416C004CB76C /* Products */;
			projectDirPath = "";
			projectRoot = "";
			targets = (
				C3968F0622AA416C004CB76C /* Podcasts */,
				C3968F1C22AA416E004CB76C /* PodcastsTests */,
			);
		};
/* End PBXProject section */

/* Begin PBXResourcesBuildPhase section */
		C3968F0522AA416C004CB76C /* Resources */ = {
			isa = PBXResourcesBuildPhase;
			buildActionMask = 2147483647;
			files = (
				C3968F1722AA416E004CB76C /* LaunchScreen.storyboard in Resources */,
				C3968F1122AA416E004CB76C /* Assets.xcassets in Resources */,
				3C9715633CEBE0B61341C521 /* Services in Resources */,
			);
			runOnlyForDeploymentPostprocessing = 0;
		};
		C3968F1B22AA416E004CB76C /* Resources */ = {
			isa = PBXResourcesBuildPhase;
			buildActionMask = 2147483647;
			files = (
			);
			runOnlyForDeploymentPostprocessing = 0;
		};
/* End PBXResourcesBuildPhase section */

/* Begin PBXShellScriptBuildPhase section */
		C3D56D0822AE81D300B0A948 /* Carthage */ = {
			isa = PBXShellScriptBuildPhase;
			buildActionMask = 2147483647;
			files = (
			);
			inputFileListPaths = (
			);
			inputPaths = (
				"$(SRCROOT)/Carthage/Build/iOS/Kingfisher.framework",
				"$(SRCROOT)/Carthage/Build/iOS/Moya.framework",
				"$(SRCROOT)/Carthage/Build/iOS/FeedKit.framework",
				"$(SRCROOT)/Carthage/Build/iOS/KingfisherSwiftUI.framework",
			);
			name = Carthage;
			outputFileListPaths = (
			);
			outputPaths = (
				"$(BUILT_PRODUCTS_DIR)/$(FRAMEWORKS_FOLDER_PATH)/Kingfisher.framework",
				"$(BUILT_PRODUCTS_DIR)/$(FRAMEWORKS_FOLDER_PATH)/Moya.framework",
				"$(BUILT_PRODUCTS_DIR)/$(FRAMEWORKS_FOLDER_PATH)/FeedKit.framework",
				"$(BUILT_PRODUCTS_DIR)/$(FRAMEWORKS_FOLDER_PATH)/KingfisherSwiftUI.framework",
			);
			runOnlyForDeploymentPostprocessing = 0;
			shellPath = /bin/sh;
			shellScript = "/usr/local/bin/carthage copy-frameworks\n";
		};
/* End PBXShellScriptBuildPhase section */

/* Begin PBXSourcesBuildPhase section */
		C3968F0322AA416C004CB76C /* Sources */ = {
			isa = PBXSourcesBuildPhase;
			buildActionMask = 2147483647;
			files = (
				C307F2DA22ABEFEA001579EA /* HomeView.swift in Sources */,
				C3968F0B22AA416C004CB76C /* AppDelegate.swift in Sources */,
				C3968F0D22AA416C004CB76C /* SceneDelegate.swift in Sources */,
				C307F30B22AD01A1001579EA /* EpisodeView.swift in Sources */,
				C3F5D70122B04FDC00C25132 /* PlayerView.swift in Sources */,
				C3D56D0222AE7C7000B0A948 /* PodcastHeaderView.swift in Sources */,
				C307F2FC22AC18DA001579EA /* PodcastRow.swift in Sources */,
				C3F51E7A22AF8A8C00279F4C /* Spinner.swift in Sources */,
				C307F30222AC1C0E001579EA /* PodcastView.swift in Sources */,
				C3FE2D0B22AAC6B500B814BE /* Podcast.swift in Sources */,
				C307F30522ACFF4B001579EA /* Episode.swift in Sources */,
				C307F30F22AD5E89001579EA /* EpisodeRow.swift in Sources */,
				C3FE2D0122AAACF300B814BE /* AnySubscription.swift in Sources */,
				C3E3AFC722B8BF750038821F /* ProgressView.swift in Sources */,
				3C97106CC2ED542F9C925393 /* SearchView.swift in Sources */,
				3C971C30EB48EF6D2FF3A72B /* SearchBar.swift in Sources */,
				3C97194B7BD77E3826174A58 /* SearchViewModel.swift in Sources */,
				3C971134B2BA7B2C12850EA4 /* iTunesAPI.swift in Sources */,
				3C971E5F08C879227D844941 /* NetworkingService.swift in Sources */,
				3C97129C61CC1A955B95A065 /* PodcastsService.swift in Sources */,
				3C97138F52C25CAD48A3B646 /* SearchResult.swift in Sources */,
				3C9710E76C31464CC200DFD2 /* StringExtensions.swift in Sources */,
				3C971AE0A08728A9C2B98AA1 /* RSSFeedExtensions.swift in Sources */,
				3C9715F4113E37949967C9CB /* UserDefaultsExtensions.swift in Sources */,
				3C971BFDB82035C41331D7C2 /* Container.swift in Sources */,
				3C971CFBFDD88DB73AADF250 /* ImagesLoader.swift in Sources */,
				3C9717CA1F315DA8237F8BD1 /* AppDelegate+Container.swift in Sources */,
				3C971B190E0481501A01FCAA /* UIImage+Color.swift in Sources */,
				3C9716EF07E4293B0E40E8CA /* Date+Formatter.swift in Sources */,
				3C971DFA67D427BBE6B90E86 /* Int+Timestamp.swift in Sources */,
				3C971CD750412CE50AE1DB23 /* NotificationExtension.swift in Sources */,
				3C9718098083BD38BFBE2669 /* PodcastViewModel.swift in Sources */,
				3C971C16F4995A198278A95E /* PodcastsView.swift in Sources */,
				3C971F4F1DA0E43161B5C7D5 /* PodcastsViewModel.swift in Sources */,
				3C9716B090C9A66F42F128DB /* EpisodeViewModel.swift in Sources */,
				3C971F40C7CF5BF38F7919B8 /* Player.swift in Sources */,
				3C971CC4E9D55297259682A0 /* UIApplicationExtension.swift in Sources */,
			);
			runOnlyForDeploymentPostprocessing = 0;
		};
		C3968F1922AA416E004CB76C /* Sources */ = {
			isa = PBXSourcesBuildPhase;
			buildActionMask = 2147483647;
			files = (
			);
			runOnlyForDeploymentPostprocessing = 0;
		};
/* End PBXSourcesBuildPhase section */

/* Begin PBXTargetDependency section */
		C3968F1F22AA416E004CB76C /* PBXTargetDependency */ = {
			isa = PBXTargetDependency;
			target = C3968F0622AA416C004CB76C /* Podcasts */;
			targetProxy = C3968F1E22AA416E004CB76C /* PBXContainerItemProxy */;
		};
/* End PBXTargetDependency section */

/* Begin PBXVariantGroup section */
		C3968F1522AA416E004CB76C /* LaunchScreen.storyboard */ = {
			isa = PBXVariantGroup;
			children = (
				C3968F1622AA416E004CB76C /* Base */,
			);
			name = LaunchScreen.storyboard;
			sourceTree = "<group>";
		};
/* End PBXVariantGroup section */

/* Begin XCBuildConfiguration section */
		C3968F2422AA416E004CB76C /* Debug */ = {
			isa = XCBuildConfiguration;
			buildSettings = {
				ALWAYS_SEARCH_USER_PATHS = NO;
				CLANG_ANALYZER_NONNULL = YES;
				CLANG_ANALYZER_NUMBER_OBJECT_CONVERSION = YES_AGGRESSIVE;
				CLANG_CXX_LANGUAGE_STANDARD = "gnu++14";
				CLANG_CXX_LIBRARY = "libc++";
				CLANG_ENABLE_MODULES = YES;
				CLANG_ENABLE_OBJC_ARC = YES;
				CLANG_ENABLE_OBJC_WEAK = YES;
				CLANG_WARN_BLOCK_CAPTURE_AUTORELEASING = YES;
				CLANG_WARN_BOOL_CONVERSION = YES;
				CLANG_WARN_COMMA = YES;
				CLANG_WARN_CONSTANT_CONVERSION = YES;
				CLANG_WARN_DEPRECATED_OBJC_IMPLEMENTATIONS = YES;
				CLANG_WARN_DIRECT_OBJC_ISA_USAGE = YES_ERROR;
				CLANG_WARN_DOCUMENTATION_COMMENTS = YES;
				CLANG_WARN_EMPTY_BODY = YES;
				CLANG_WARN_ENUM_CONVERSION = YES;
				CLANG_WARN_INFINITE_RECURSION = YES;
				CLANG_WARN_INT_CONVERSION = YES;
				CLANG_WARN_NON_LITERAL_NULL_CONVERSION = YES;
				CLANG_WARN_OBJC_IMPLICIT_RETAIN_SELF = YES;
				CLANG_WARN_OBJC_LITERAL_CONVERSION = YES;
				CLANG_WARN_OBJC_ROOT_CLASS = YES_ERROR;
				CLANG_WARN_RANGE_LOOP_ANALYSIS = YES;
				CLANG_WARN_STRICT_PROTOTYPES = YES;
				CLANG_WARN_SUSPICIOUS_MOVE = YES;
				CLANG_WARN_UNGUARDED_AVAILABILITY = YES_AGGRESSIVE;
				CLANG_WARN_UNREACHABLE_CODE = YES;
				CLANG_WARN__DUPLICATE_METHOD_MATCH = YES;
				COPY_PHASE_STRIP = NO;
				DEBUG_INFORMATION_FORMAT = dwarf;
				ENABLE_STRICT_OBJC_MSGSEND = YES;
				ENABLE_TESTABILITY = YES;
				GCC_C_LANGUAGE_STANDARD = gnu11;
				GCC_DYNAMIC_NO_PIC = NO;
				GCC_NO_COMMON_BLOCKS = YES;
				GCC_OPTIMIZATION_LEVEL = 0;
				GCC_PREPROCESSOR_DEFINITIONS = (
					"DEBUG=1",
					"$(inherited)",
				);
				GCC_WARN_64_TO_32_BIT_CONVERSION = YES;
				GCC_WARN_ABOUT_RETURN_TYPE = YES_ERROR;
				GCC_WARN_UNDECLARED_SELECTOR = YES;
				GCC_WARN_UNINITIALIZED_AUTOS = YES_AGGRESSIVE;
				GCC_WARN_UNUSED_FUNCTION = YES;
				GCC_WARN_UNUSED_VARIABLE = YES;
				IPHONEOS_DEPLOYMENT_TARGET = 13.0;
				MTL_ENABLE_DEBUG_INFO = INCLUDE_SOURCE;
				MTL_FAST_MATH = YES;
				ONLY_ACTIVE_ARCH = YES;
				SDKROOT = iphoneos;
				SWIFT_ACTIVE_COMPILATION_CONDITIONS = DEBUG;
				SWIFT_OPTIMIZATION_LEVEL = "-Onone";
			};
			name = Debug;
		};
		C3968F2522AA416E004CB76C /* Release */ = {
			isa = XCBuildConfiguration;
			buildSettings = {
				ALWAYS_SEARCH_USER_PATHS = NO;
				CLANG_ANALYZER_NONNULL = YES;
				CLANG_ANALYZER_NUMBER_OBJECT_CONVERSION = YES_AGGRESSIVE;
				CLANG_CXX_LANGUAGE_STANDARD = "gnu++14";
				CLANG_CXX_LIBRARY = "libc++";
				CLANG_ENABLE_MODULES = YES;
				CLANG_ENABLE_OBJC_ARC = YES;
				CLANG_ENABLE_OBJC_WEAK = YES;
				CLANG_WARN_BLOCK_CAPTURE_AUTORELEASING = YES;
				CLANG_WARN_BOOL_CONVERSION = YES;
				CLANG_WARN_COMMA = YES;
				CLANG_WARN_CONSTANT_CONVERSION = YES;
				CLANG_WARN_DEPRECATED_OBJC_IMPLEMENTATIONS = YES;
				CLANG_WARN_DIRECT_OBJC_ISA_USAGE = YES_ERROR;
				CLANG_WARN_DOCUMENTATION_COMMENTS = YES;
				CLANG_WARN_EMPTY_BODY = YES;
				CLANG_WARN_ENUM_CONVERSION = YES;
				CLANG_WARN_INFINITE_RECURSION = YES;
				CLANG_WARN_INT_CONVERSION = YES;
				CLANG_WARN_NON_LITERAL_NULL_CONVERSION = YES;
				CLANG_WARN_OBJC_IMPLICIT_RETAIN_SELF = YES;
				CLANG_WARN_OBJC_LITERAL_CONVERSION = YES;
				CLANG_WARN_OBJC_ROOT_CLASS = YES_ERROR;
				CLANG_WARN_RANGE_LOOP_ANALYSIS = YES;
				CLANG_WARN_STRICT_PROTOTYPES = YES;
				CLANG_WARN_SUSPICIOUS_MOVE = YES;
				CLANG_WARN_UNGUARDED_AVAILABILITY = YES_AGGRESSIVE;
				CLANG_WARN_UNREACHABLE_CODE = YES;
				CLANG_WARN__DUPLICATE_METHOD_MATCH = YES;
				COPY_PHASE_STRIP = NO;
				DEBUG_INFORMATION_FORMAT = "dwarf-with-dsym";
				ENABLE_NS_ASSERTIONS = NO;
				ENABLE_STRICT_OBJC_MSGSEND = YES;
				GCC_C_LANGUAGE_STANDARD = gnu11;
				GCC_NO_COMMON_BLOCKS = YES;
				GCC_WARN_64_TO_32_BIT_CONVERSION = YES;
				GCC_WARN_ABOUT_RETURN_TYPE = YES_ERROR;
				GCC_WARN_UNDECLARED_SELECTOR = YES;
				GCC_WARN_UNINITIALIZED_AUTOS = YES_AGGRESSIVE;
				GCC_WARN_UNUSED_FUNCTION = YES;
				GCC_WARN_UNUSED_VARIABLE = YES;
				IPHONEOS_DEPLOYMENT_TARGET = 13.0;
				MTL_ENABLE_DEBUG_INFO = NO;
				MTL_FAST_MATH = YES;
				SDKROOT = iphoneos;
				SWIFT_COMPILATION_MODE = wholemodule;
				SWIFT_OPTIMIZATION_LEVEL = "-O";
				VALIDATE_PRODUCT = YES;
			};
			name = Release;
		};
		C3968F2722AA416E004CB76C /* Debug */ = {
			isa = XCBuildConfiguration;
			buildSettings = {
				ASSETCATALOG_COMPILER_APPICON_NAME = AppIcon;
				CODE_SIGN_STYLE = Manual;
				DEVELOPMENT_ASSET_PATHS = "Podcasts/Preview\\ Content";
				DEVELOPMENT_TEAM = "";
				ENABLE_PREVIEWS = YES;
				FRAMEWORK_SEARCH_PATHS = (
					"$(inherited)",
					"$(PROJECT_DIR)/Carthage/Build/iOS",
					"\"${PROJECT_DIR}/Carthage/Build/iOS\"/**",
					"\"${PROJECT_DIR}/Carthage/Build/iOS\"/**",
				);
				INFOPLIST_FILE = Podcasts/Info.plist;
				IPHONEOS_DEPLOYMENT_TARGET = 13.0;
				LD_RUNPATH_SEARCH_PATHS = (
					"$(inherited)",
					"@executable_path/Frameworks",
				);
				PRODUCT_BUNDLE_IDENTIFIER = com.github.albertopeam.Podcasts;
				PRODUCT_NAME = "$(TARGET_NAME)";
				PROVISIONING_PROFILE_SPECIFIER = "";
				SWIFT_VERSION = 5.0;
				TARGETED_DEVICE_FAMILY = 1;
			};
			name = Debug;
		};
		C3968F2822AA416E004CB76C /* Release */ = {
			isa = XCBuildConfiguration;
			buildSettings = {
				ASSETCATALOG_COMPILER_APPICON_NAME = AppIcon;
				CODE_SIGN_STYLE = Manual;
				DEVELOPMENT_ASSET_PATHS = "Podcasts/Preview\\ Content";
				DEVELOPMENT_TEAM = "";
				ENABLE_PREVIEWS = YES;
				FRAMEWORK_SEARCH_PATHS = (
					"$(inherited)",
					"$(PROJECT_DIR)/Carthage/Build/iOS",
					"\"${PROJECT_DIR}/Carthage/Build/iOS\"/**",
					"\"${PROJECT_DIR}/Carthage/Build/iOS\"/**",
				);
				INFOPLIST_FILE = Podcasts/Info.plist;
				IPHONEOS_DEPLOYMENT_TARGET = 13.0;
				LD_RUNPATH_SEARCH_PATHS = (
					"$(inherited)",
					"@executable_path/Frameworks",
				);
				PRODUCT_BUNDLE_IDENTIFIER = com.github.albertopeam.Podcasts;
				PRODUCT_NAME = "$(TARGET_NAME)";
				PROVISIONING_PROFILE_SPECIFIER = "";
				SWIFT_VERSION = 5.0;
				TARGETED_DEVICE_FAMILY = 1;
			};
			name = Release;
		};
		C3968F2A22AA416E004CB76C /* Debug */ = {
			isa = XCBuildConfiguration;
			buildSettings = {
				ALWAYS_EMBED_SWIFT_STANDARD_LIBRARIES = YES;
				BUNDLE_LOADER = "$(TEST_HOST)";
				CODE_SIGN_STYLE = Automatic;
				DEVELOPMENT_TEAM = EAL5PKWJ89;
				INFOPLIST_FILE = PodcastsTests/Info.plist;
				LD_RUNPATH_SEARCH_PATHS = (
					"$(inherited)",
					"@executable_path/Frameworks",
					"@loader_path/Frameworks",
				);
				PRODUCT_BUNDLE_IDENTIFIER = com.github.albertopeam.PodcastsTests;
				PRODUCT_NAME = "$(TARGET_NAME)";
				SWIFT_VERSION = 5.0;
				TARGETED_DEVICE_FAMILY = "1,2";
				TEST_HOST = "$(BUILT_PRODUCTS_DIR)/Podcasts.app/Podcasts";
			};
			name = Debug;
		};
		C3968F2B22AA416E004CB76C /* Release */ = {
			isa = XCBuildConfiguration;
			buildSettings = {
				ALWAYS_EMBED_SWIFT_STANDARD_LIBRARIES = YES;
				BUNDLE_LOADER = "$(TEST_HOST)";
				CODE_SIGN_STYLE = Automatic;
				DEVELOPMENT_TEAM = EAL5PKWJ89;
				INFOPLIST_FILE = PodcastsTests/Info.plist;
				LD_RUNPATH_SEARCH_PATHS = (
					"$(inherited)",
					"@executable_path/Frameworks",
					"@loader_path/Frameworks",
				);
				PRODUCT_BUNDLE_IDENTIFIER = com.github.albertopeam.PodcastsTests;
				PRODUCT_NAME = "$(TARGET_NAME)";
				SWIFT_VERSION = 5.0;
				TARGETED_DEVICE_FAMILY = "1,2";
				TEST_HOST = "$(BUILT_PRODUCTS_DIR)/Podcasts.app/Podcasts";
			};
			name = Release;
		};
/* End XCBuildConfiguration section */

/* Begin XCConfigurationList section */
		C3968F0222AA416C004CB76C /* Build configuration list for PBXProject "Podcasts" */ = {
			isa = XCConfigurationList;
			buildConfigurations = (
				C3968F2422AA416E004CB76C /* Debug */,
				C3968F2522AA416E004CB76C /* Release */,
			);
			defaultConfigurationIsVisible = 0;
			defaultConfigurationName = Release;
		};
		C3968F2622AA416E004CB76C /* Build configuration list for PBXNativeTarget "Podcasts" */ = {
			isa = XCConfigurationList;
			buildConfigurations = (
				C3968F2722AA416E004CB76C /* Debug */,
				C3968F2822AA416E004CB76C /* Release */,
			);
			defaultConfigurationIsVisible = 0;
			defaultConfigurationName = Release;
		};
		C3968F2922AA416E004CB76C /* Build configuration list for PBXNativeTarget "PodcastsTests" */ = {
			isa = XCConfigurationList;
			buildConfigurations = (
				C3968F2A22AA416E004CB76C /* Debug */,
				C3968F2B22AA416E004CB76C /* Release */,
			);
			defaultConfigurationIsVisible = 0;
			defaultConfigurationName = Release;
		};
/* End XCConfigurationList section */
	};
	rootObject = C3968EFF22AA416C004CB76C /* Project object */;
}
