// !$*UTF8*$!
{
	archiveVersion = 1;
	classes = {
	};
	objectVersion = 77;
	objects = {

/* Begin PBXBuildFile section */
		00F8A37ED8256D727EFB8510 /* PlayerPlaybackTests.swift in Sources */ = {isa = PBXBuildFile; fileRef = B124F801EFD5892F413819E5 /* PlayerPlaybackTests.swift */; };
		075218E187DA277B510D6CC2 /* EpisodeRow.swift in Sources */ = {isa = PBXBuildFile; fileRef = B8AFABDCAF7F14FCAE16A4AC /* EpisodeRow.swift */; };
		098033F23C0F9A0621066A4A /* PodcastRow.swift in Sources */ = {isa = PBXBuildFile; fileRef = 2CF7543CAAECD036B99F253A /* PodcastRow.swift */; };
		0E265AAE0818A84EC2705DE8 /* EpisodeView.swift in Sources */ = {isa = PBXBuildFile; fileRef = 80865A5DA92642F5F8F65DA0 /* EpisodeView.swift */; };
		0F3DA46DD30D4998B0952C69 /* OPMLImportService.swift in Sources */ = {isa = PBXBuildFile; fileRef = 2D2CC40325FDD79210D849E5 /* OPMLImportService.swift */; };
		1FB065FF5AFF924E783282C6 /* Int+Timestamp.swift in Sources */ = {isa = PBXBuildFile; fileRef = AB0B08E72D4FB4607F02370C /* Int+Timestamp.swift */; };
		2441C34ACB518B27EEC8032A /* PodcastsService.swift in Sources */ = {isa = PBXBuildFile; fileRef = 4956DF7A3A55BC48F6FB8452 /* PodcastsService.swift */; };
		32F3140378F2544FBBA5C82F /* RSSFeedExtensions.swift in Sources */ = {isa = PBXBuildFile; fileRef = 6DE1D18F3AA569EFDCAFAD93 /* RSSFeedExtensions.swift */; };
		37492ACCCBC8421BA499BF04 /* Container.swift in Sources */ = {isa = PBXBuildFile; fileRef = 1C260EF1FA1199AADD78E749 /* Container.swift */; };
		3B8D4C8BDDE2527685160D05 /* Date+Formatter.swift in Sources */ = {isa = PBXBuildFile; fileRef = AD533A4EF3F7A72A542EC105 /* Date+Formatter.swift */; };
		3C3847A2EB800160354DAB8E /* ProgressView.swift in Sources */ = {isa = PBXBuildFile; fileRef = 575E599D6B3AB0CF3993EB3B /* ProgressView.swift */; };
		3DBE8DDADD74BB1CF8D90DB8 /* Player.swift in Sources */ = {isa = PBXBuildFile; fileRef = CA5AF695C5ADA0570C2E9B0F /* Player.swift */; };
		42B4CD4AE7C45D3D081FAFB1 /* Spinner.swift in Sources */ = {isa = PBXBuildFile; fileRef = 39AA2F2D41B361C9AB8E0D0D /* Spinner.swift */; };
		45C64D4ECC57BD74B674C5F2 /* LaunchScreen.storyboard in Resources */ = {isa = PBXBuildFile; fileRef = BEC8CA3B24B96523AAD6F2F6 /* LaunchScreen.storyboard */; };
		4AD28E2946AFDD4DE22617DE /* PodcastHeaderView.swift in Sources */ = {isa = PBXBuildFile; fileRef = B9674660270C8FBF433D6451 /* PodcastHeaderView.swift */; };
		503E80DDACA1947DCDF1DC4F /* Podcast.swift in Sources */ = {isa = PBXBuildFile; fileRef = D50CEC199379C4B683A17006 /* Podcast.swift */; };
		50E6EE216BA90514D7989295 /* PlayerSpeedTests.swift in Sources */ = {isa = PBXBuildFile; fileRef = B60C87BF5B42029E67E87269 /* PlayerSpeedTests.swift */; };
		51D2C5BBD3D79FD1C35F5805 /* UIImage+Color.swift in Sources */ = {isa = PBXBuildFile; fileRef = 4336200054A8AC2ACFC76C88 /* UIImage+Color.swift */; };
		540212563CA7A70AE86C5549 /* PodcastView.swift in Sources */ = {isa = PBXBuildFile; fileRef = C4AF356E364CD35D63A68E9F /* PodcastView.swift */; };
		555E3F2AF70EE6CB2F60F927 /* UIApplicationExtension.swift in Sources */ = {isa = PBXBuildFile; fileRef = 91A067BA9D5DFF7EE3D1032C /* UIApplicationExtension.swift */; };
		5F9A5A41216C20F0E18DC93C /* PodcastsView.swift in Sources */ = {isa = PBXBuildFile; fileRef = E74D634FEA78D9BDC887C1FD /* PodcastsView.swift */; };
		738D56F704F4943DA06A1CC7 /* SearchResult.swift in Sources */ = {isa = PBXBuildFile; fileRef = 7376A08DE998E64010010C65 /* SearchResult.swift */; };
		7810804BB19EEBBECD932BAF /* SceneDelegate.swift in Sources */ = {isa = PBXBuildFile; fileRef = CA5F330BD26E3BE8A20110F0 /* SceneDelegate.swift */; };
		79EDAF52EC2A5DFFA1E58A41 /* Sentry in Frameworks */ = {isa = PBXBuildFile; productRef = 9B16300B42DF969BAF6FECA0 /* Sentry */; };
		7AFCAED8FE6F91CB6BEB66C0 /* UIImageColorTests.swift in Sources */ = {isa = PBXBuildFile; fileRef = AF855F577F0CA87B08147173 /* UIImageColorTests.swift */; };
		7C116AC094BCEDEE2F6E4EAC /* NetworkingService.swift in Sources */ = {isa = PBXBuildFile; fileRef = 4E13D6FCAA9138D0CED28278 /* NetworkingService.swift */; };
		7E6D310B93E3AC2F2DA62435 /* SwiftUI.framework in Frameworks */ = {isa = PBXBuildFile; fileRef = 24AE4D2731FF99EF5F557E89 /* SwiftUI.framework */; };
		803020EA9F87D4E4AA9AD446 /* AnySubscription.swift in Sources */ = {isa = PBXBuildFile; fileRef = A697DC366B5206138EA743FA /* AnySubscription.swift */; };
		8073962153B90B631F5C93DA /* OPMLDocumentPicker.swift in Sources */ = {isa = PBXBuildFile; fileRef = 1FAF441B6D2218853AE2C4E5 /* OPMLDocumentPicker.swift */; };
		8725AA4C33B9563F602A1FB5 /* Episode.swift in Sources */ = {isa = PBXBuildFile; fileRef = D5BA6FC293E6CB56F8466AF3 /* Episode.swift */; };
		8910DB0A462D60C513185C2F /* StringExtensions.swift in Sources */ = {isa = PBXBuildFile; fileRef = E62941920A669D0DB7A81C69 /* StringExtensions.swift */; };
		9F4F7879D37D8EF73CA53629 /* CrashReportingService.swift in Sources */ = {isa = PBXBuildFile; fileRef = 865D93789E3A7D63C6FDE312 /* CrashReportingService.swift */; };
		A681FF5BE4AE840738364F4A /* PodcastsViewModel.swift in Sources */ = {isa = PBXBuildFile; fileRef = 76C38406C2EA22ED1A6EDED9 /* PodcastsViewModel.swift */; };
		A6D4616E260CCD03D4049CEA /* iTunesAPI.swift in Sources */ = {isa = PBXBuildFile; fileRef = 1903269490BEB5185F5A1AEC /* iTunesAPI.swift */; };
		AA551EBCB36FE470444AE39B /* OPMLExportService.swift in Sources */ = {isa = PBXBuildFile; fileRef = EE9D7643B9433E2F60E5B677 /* OPMLExportService.swift */; };
		B228D2DD497254369702A001 /* PodcastBrowserViewModel.swift in Sources */ = {isa = PBXBuildFile; fileRef = 7861B4881E5AFB076CDCB78D /* PodcastBrowserViewModel.swift */; };
		B53F423D7B18DB4C9B4DA608 /* Assets.xcassets in Resources */ = {isa = PBXBuildFile; fileRef = 3A2DF728CB46F9C2477CBADF /* Assets.xcassets */; };
		B8CD20A984BD545BED2B16DE /* NotificationExtension.swift in Sources */ = {isa = PBXBuildFile; fileRef = AE619032ABB9D1A3362DE5FE /* NotificationExtension.swift */; };
		BA9186FFCB9D45F7F9223F87 /* PodcastViewModel.swift in Sources */ = {isa = PBXBuildFile; fileRef = 09099BD6AA917FB7635AB199 /* PodcastViewModel.swift */; };
		BF77129E9B16F5911015BA74 /* EpisodeViewModel.swift in Sources */ = {isa = PBXBuildFile; fileRef = B07A5CE2C9B4AFBAA2249177 /* EpisodeViewModel.swift */; };
		C52835AA29DFDE95F57100A2 /* LocalizationService.swift in Sources */ = {isa = PBXBuildFile; fileRef = 2B4FFB5262DA005D0B6F6344 /* LocalizationService.swift */; };
		C900211AC123966EE83CF1D5 /* KeychainService.swift in Sources */ = {isa = PBXBuildFile; fileRef = B56E5D52541222C0393517F7 /* KeychainService.swift */; };
		D930FBC54F66893A5A1CED08 /* HomeView.swift in Sources */ = {isa = PBXBuildFile; fileRef = 4A0284120F762B5E7F612417 /* HomeView.swift */; };
		D958BD23CBE4B3DFA1FE56FD /* PodcastBrowserView.swift in Sources */ = {isa = PBXBuildFile; fileRef = 6B29C92326A8FAD60974EDF6 /* PodcastBrowserView.swift */; };
		DC35D677EA60E3EFB8C806ED /* GitHubSyncService.swift in Sources */ = {isa = PBXBuildFile; fileRef = 2E2D847EF978AE1B2D3FEEFA /* GitHubSyncService.swift */; };
		E3FAA97A4C4829DA317624E5 /* SettingsView.swift in Sources */ = {isa = PBXBuildFile; fileRef = 31FB2D02ACC071E0E88EFEB5 /* SettingsView.swift */; };
		E7C6E2D1D7E0AC47FA290AA0 /* ImagesLoader.swift in Sources */ = {isa = PBXBuildFile; fileRef = 07744BB0CBB2FB145DEACBBA /* ImagesLoader.swift */; };
		E80A4606F41953DAA9D839DD /* Services Resources in Resources */ = {isa = PBXBuildFile; fileRef = 43922CB75572E162300E377B /* Services Resources */; };
		E9B91045412F4D2D6692416E /* PlayerView.swift in Sources */ = {isa = PBXBuildFile; fileRef = DA5C5556B6D952746890C52F /* PlayerView.swift */; };
		EAA27A95E15C54B6106E87A4 /* SearchBar.swift in Sources */ = {isa = PBXBuildFile; fileRef = 4453A91890C45994DE440A06 /* SearchBar.swift */; };
		F1D5C8DA5EDFB7826F50C3FE /* UserDefaultsExtensions.swift in Sources */ = {isa = PBXBuildFile; fileRef = 1856E4E07FFCE2D7BB172F74 /* UserDefaultsExtensions.swift */; };
		F41C06ABF544C8E05D2351FC /* AutoGitHubSubscriptionSyncService.swift in Sources */ = {isa = PBXBuildFile; fileRef = 9CBEAE194363D8681CD82833 /* AutoGitHubSubscriptionSyncService.swift */; };
		F8E832A1CDCC006A54D52D0C /* AppDelegate.swift in Sources */ = {isa = PBXBuildFile; fileRef = 25DB4EAC1FF31CA456AA404F /* AppDelegate.swift */; };
		FBFFBD56094E2C044A1BB9F8 /* SettingsViewModel.swift in Sources */ = {isa = PBXBuildFile; fileRef = 297DAC3708F36D1DA48BA18A /* SettingsViewModel.swift */; };
		FFBB14BD4D6F4BE6CA76E481 /* AppDelegate+Container.swift in Sources */ = {isa = PBXBuildFile; fileRef = 6D81228FF6453DBEE40B6429 /* AppDelegate+Container.swift */; };
/* End PBXBuildFile section */

/* Begin PBXContainerItemProxy section */
		871E5FC32F0D43591BBD54F2 /* PBXContainerItemProxy */ = {
			isa = PBXContainerItemProxy;
			containerPortal = AA155DDC1DFADF9AF3582E6C /* Project object */;
			proxyType = 1;
			remoteGlobalIDString = 9905713F9F61AC0BDFB7C200;
			remoteInfo = Podcasts;
		};
/* End PBXContainerItemProxy section */

/* Begin PBXFileReference section */
		07744BB0CBB2FB145DEACBBA /* ImagesLoader.swift */ = {isa = PBXFileReference; lastKnownFileType = sourcecode.swift; path = ImagesLoader.swift; sourceTree = "<group>"; };
		09099BD6AA917FB7635AB199 /* PodcastViewModel.swift */ = {isa = PBXFileReference; lastKnownFileType = sourcecode.swift; path = PodcastViewModel.swift; sourceTree = "<group>"; };
		1856E4E07FFCE2D7BB172F74 /* UserDefaultsExtensions.swift */ = {isa = PBXFileReference; lastKnownFileType = sourcecode.swift; path = UserDefaultsExtensions.swift; sourceTree = "<group>"; };
		1903269490BEB5185F5A1AEC /* iTunesAPI.swift */ = {isa = PBXFileReference; lastKnownFileType = sourcecode.swift; path = iTunesAPI.swift; sourceTree = "<group>"; };
		1C260EF1FA1199AADD78E749 /* Container.swift */ = {isa = PBXFileReference; lastKnownFileType = sourcecode.swift; path = Container.swift; sourceTree = "<group>"; };
		1FAF441B6D2218853AE2C4E5 /* OPMLDocumentPicker.swift */ = {isa = PBXFileReference; lastKnownFileType = sourcecode.swift; path = OPMLDocumentPicker.swift; sourceTree = "<group>"; };
		24AE4D2731FF99EF5F557E89 /* SwiftUI.framework */ = {isa = PBXFileReference; lastKnownFileType = wrapper.framework; name = SwiftUI.framework; path = System/Library/Frameworks/SwiftUI.framework; sourceTree = SDKROOT; };
		25DB4EAC1FF31CA456AA404F /* AppDelegate.swift */ = {isa = PBXFileReference; lastKnownFileType = sourcecode.swift; path = AppDelegate.swift; sourceTree = "<group>"; };
		297DAC3708F36D1DA48BA18A /* SettingsViewModel.swift */ = {isa = PBXFileReference; lastKnownFileType = sourcecode.swift; path = SettingsViewModel.swift; sourceTree = "<group>"; };
		2B4FFB5262DA005D0B6F6344 /* LocalizationService.swift */ = {isa = PBXFileReference; lastKnownFileType = sourcecode.swift; path = LocalizationService.swift; sourceTree = "<group>"; };
		2CF7543CAAECD036B99F253A /* PodcastRow.swift */ = {isa = PBXFileReference; lastKnownFileType = sourcecode.swift; path = PodcastRow.swift; sourceTree = "<group>"; };
		2D2CC40325FDD79210D849E5 /* OPMLImportService.swift */ = {isa = PBXFileReference; lastKnownFileType = sourcecode.swift; path = OPMLImportService.swift; sourceTree = "<group>"; };
		2E2D847EF978AE1B2D3FEEFA /* GitHubSyncService.swift */ = {isa = PBXFileReference; lastKnownFileType = sourcecode.swift; path = GitHubSyncService.swift; sourceTree = "<group>"; };
		31FB2D02ACC071E0E88EFEB5 /* SettingsView.swift */ = {isa = PBXFileReference; lastKnownFileType = sourcecode.swift; path = SettingsView.swift; sourceTree = "<group>"; };
		39AA2F2D41B361C9AB8E0D0D /* Spinner.swift */ = {isa = PBXFileReference; lastKnownFileType = sourcecode.swift; path = Spinner.swift; sourceTree = "<group>"; };
		3A2DF728CB46F9C2477CBADF /* Assets.xcassets */ = {isa = PBXFileReference; lastKnownFileType = folder.assetcatalog; path = Assets.xcassets; sourceTree = "<group>"; };
		4336200054A8AC2ACFC76C88 /* UIImage+Color.swift */ = {isa = PBXFileReference; lastKnownFileType = sourcecode.swift; path = "UIImage+Color.swift"; sourceTree = "<group>"; };
		43922CB75572E162300E377B /* Services Resources */ = {isa = PBXFileReference; lastKnownFileType = folder; name = "Services Resources"; path = Podcasts/Services; sourceTree = SOURCE_ROOT; };
		4453A91890C45994DE440A06 /* SearchBar.swift */ = {isa = PBXFileReference; lastKnownFileType = sourcecode.swift; path = SearchBar.swift; sourceTree = "<group>"; };
		4956DF7A3A55BC48F6FB8452 /* PodcastsService.swift */ = {isa = PBXFileReference; lastKnownFileType = sourcecode.swift; path = PodcastsService.swift; sourceTree = "<group>"; };
		4A0284120F762B5E7F612417 /* HomeView.swift */ = {isa = PBXFileReference; lastKnownFileType = sourcecode.swift; path = HomeView.swift; sourceTree = "<group>"; };
		4E13D6FCAA9138D0CED28278 /* NetworkingService.swift */ = {isa = PBXFileReference; lastKnownFileType = sourcecode.swift; path = NetworkingService.swift; sourceTree = "<group>"; };
		575E599D6B3AB0CF3993EB3B /* ProgressView.swift */ = {isa = PBXFileReference; lastKnownFileType = sourcecode.swift; path = ProgressView.swift; sourceTree = "<group>"; };
		62B23A33992ECE098FD50E3A /* PodcastsTests.xctest */ = {isa = PBXFileReference; includeInIndex = 0; lastKnownFileType = wrapper.cfbundle; path = PodcastsTests.xctest; sourceTree = BUILT_PRODUCTS_DIR; };
		6B29C92326A8FAD60974EDF6 /* PodcastBrowserView.swift */ = {isa = PBXFileReference; lastKnownFileType = sourcecode.swift; path = PodcastBrowserView.swift; sourceTree = "<group>"; };
		6D81228FF6453DBEE40B6429 /* AppDelegate+Container.swift */ = {isa = PBXFileReference; lastKnownFileType = sourcecode.swift; path = "AppDelegate+Container.swift"; sourceTree = "<group>"; };
		6DE1D18F3AA569EFDCAFAD93 /* RSSFeedExtensions.swift */ = {isa = PBXFileReference; lastKnownFileType = sourcecode.swift; path = RSSFeedExtensions.swift; sourceTree = "<group>"; };
		6F28A1CFBA10A599CB8E0FA5 /* Preview Assets.xcassets */ = {isa = PBXFileReference; lastKnownFileType = folder.assetcatalog; path = "Preview Assets.xcassets"; sourceTree = "<group>"; };
		7376A08DE998E64010010C65 /* SearchResult.swift */ = {isa = PBXFileReference; lastKnownFileType = sourcecode.swift; path = SearchResult.swift; sourceTree = "<group>"; };
		76C38406C2EA22ED1A6EDED9 /* PodcastsViewModel.swift */ = {isa = PBXFileReference; lastKnownFileType = sourcecode.swift; path = PodcastsViewModel.swift; sourceTree = "<group>"; };
		7861B4881E5AFB076CDCB78D /* PodcastBrowserViewModel.swift */ = {isa = PBXFileReference; lastKnownFileType = sourcecode.swift; path = PodcastBrowserViewModel.swift; sourceTree = "<group>"; };
		80865A5DA92642F5F8F65DA0 /* EpisodeView.swift */ = {isa = PBXFileReference; lastKnownFileType = sourcecode.swift; path = EpisodeView.swift; sourceTree = "<group>"; };
		82A65F733B6DAD662A649B52 /* Base */ = {isa = PBXFileReference; lastKnownFileType = file.storyboard; name = Base; path = Base.lproj/LaunchScreen.storyboard; sourceTree = "<group>"; };
		865D93789E3A7D63C6FDE312 /* CrashReportingService.swift */ = {isa = PBXFileReference; lastKnownFileType = sourcecode.swift; path = CrashReportingService.swift; sourceTree = "<group>"; };
		91A067BA9D5DFF7EE3D1032C /* UIApplicationExtension.swift */ = {isa = PBXFileReference; lastKnownFileType = sourcecode.swift; path = UIApplicationExtension.swift; sourceTree = "<group>"; };
		9CBEAE194363D8681CD82833 /* AutoGitHubSubscriptionSyncService.swift */ = {isa = PBXFileReference; lastKnownFileType = sourcecode.swift; path = AutoGitHubSubscriptionSyncService.swift; sourceTree = "<group>"; };
		9D0F13CA5737C5E2735DB4FD /* Podcasts.app */ = {isa = PBXFileReference; includeInIndex = 0; lastKnownFileType = wrapper.application; path = Podcasts.app; sourceTree = BUILT_PRODUCTS_DIR; };
		A0A1B8D11468E65EA5725E4F /* Info.plist */ = {isa = PBXFileReference; lastKnownFileType = text.plist; path = Info.plist; sourceTree = "<group>"; };
		A697DC366B5206138EA743FA /* AnySubscription.swift */ = {isa = PBXFileReference; lastKnownFileType = sourcecode.swift; path = AnySubscription.swift; sourceTree = "<group>"; };
		AB0B08E72D4FB4607F02370C /* Int+Timestamp.swift */ = {isa = PBXFileReference; lastKnownFileType = sourcecode.swift; path = "Int+Timestamp.swift"; sourceTree = "<group>"; };
		AD533A4EF3F7A72A542EC105 /* Date+Formatter.swift */ = {isa = PBXFileReference; lastKnownFileType = sourcecode.swift; path = "Date+Formatter.swift"; sourceTree = "<group>"; };
		AE619032ABB9D1A3362DE5FE /* NotificationExtension.swift */ = {isa = PBXFileReference; lastKnownFileType = sourcecode.swift; path = NotificationExtension.swift; sourceTree = "<group>"; };
		AF855F577F0CA87B08147173 /* UIImageColorTests.swift */ = {isa = PBXFileReference; lastKnownFileType = sourcecode.swift; path = UIImageColorTests.swift; sourceTree = "<group>"; };
		B07A5CE2C9B4AFBAA2249177 /* EpisodeViewModel.swift */ = {isa = PBXFileReference; lastKnownFileType = sourcecode.swift; path = EpisodeViewModel.swift; sourceTree = "<group>"; };
		B124F801EFD5892F413819E5 /* PlayerPlaybackTests.swift */ = {isa = PBXFileReference; lastKnownFileType = sourcecode.swift; path = PlayerPlaybackTests.swift; sourceTree = "<group>"; };
		B56E5D52541222C0393517F7 /* KeychainService.swift */ = {isa = PBXFileReference; lastKnownFileType = sourcecode.swift; path = KeychainService.swift; sourceTree = "<group>"; };
		B60C87BF5B42029E67E87269 /* PlayerSpeedTests.swift */ = {isa = PBXFileReference; lastKnownFileType = sourcecode.swift; path = PlayerSpeedTests.swift; sourceTree = "<group>"; };
		B8AFABDCAF7F14FCAE16A4AC /* EpisodeRow.swift */ = {isa = PBXFileReference; lastKnownFileType = sourcecode.swift; path = EpisodeRow.swift; sourceTree = "<group>"; };
		B9674660270C8FBF433D6451 /* PodcastHeaderView.swift */ = {isa = PBXFileReference; lastKnownFileType = sourcecode.swift; path = PodcastHeaderView.swift; sourceTree = "<group>"; };
		C4AF356E364CD35D63A68E9F /* PodcastView.swift */ = {isa = PBXFileReference; lastKnownFileType = sourcecode.swift; path = PodcastView.swift; sourceTree = "<group>"; };
		C508FFDFE01DF88740DE2540 /* Previews.swift */ = {isa = PBXFileReference; lastKnownFileType = sourcecode.swift; path = Previews.swift; sourceTree = "<group>"; };
		CA5AF695C5ADA0570C2E9B0F /* Player.swift */ = {isa = PBXFileReference; lastKnownFileType = sourcecode.swift; path = Player.swift; sourceTree = "<group>"; };
		CA5F330BD26E3BE8A20110F0 /* SceneDelegate.swift */ = {isa = PBXFileReference; lastKnownFileType = sourcecode.swift; path = SceneDelegate.swift; sourceTree = "<group>"; };
		D50CEC199379C4B683A17006 /* Podcast.swift */ = {isa = PBXFileReference; lastKnownFileType = sourcecode.swift; path = Podcast.swift; sourceTree = "<group>"; };
		D516743609601BD4E009046B /* project.yml */ = {isa = PBXFileReference; lastKnownFileType = text.yaml; path = project.yml; sourceTree = "<group>"; };
		D5BA6FC293E6CB56F8466AF3 /* Episode.swift */ = {isa = PBXFileReference; lastKnownFileType = sourcecode.swift; path = Episode.swift; sourceTree = "<group>"; };
		DA5C5556B6D952746890C52F /* PlayerView.swift */ = {isa = PBXFileReference; lastKnownFileType = sourcecode.swift; path = PlayerView.swift; sourceTree = "<group>"; };
		DD1625904E217ED8D2CFC294 /* README.md */ = {isa = PBXFileReference; lastKnownFileType = net.daringfireball.markdown; path = README.md; sourceTree = "<group>"; };
		E62941920A669D0DB7A81C69 /* StringExtensions.swift */ = {isa = PBXFileReference; lastKnownFileType = sourcecode.swift; path = StringExtensions.swift; sourceTree = "<group>"; };
		E74D634FEA78D9BDC887C1FD /* PodcastsView.swift */ = {isa = PBXFileReference; lastKnownFileType = sourcecode.swift; path = PodcastsView.swift; sourceTree = "<group>"; };
		EE9D7643B9433E2F60E5B677 /* OPMLExportService.swift */ = {isa = PBXFileReference; lastKnownFileType = sourcecode.swift; path = OPMLExportService.swift; sourceTree = "<group>"; };
/* End PBXFileReference section */

/* Begin PBXFrameworksBuildPhase section */
		630D957CD3123A48032DB5B4 /* Frameworks */ = {
			isa = PBXFrameworksBuildPhase;
			buildActionMask = 2147483647;
			files = (
				7E6D310B93E3AC2F2DA62435 /* SwiftUI.framework in Frameworks */,
				79EDAF52EC2A5DFFA1E58A41 /* Sentry in Frameworks */,
			);
			runOnlyForDeploymentPostprocessing = 0;
		};
/* End PBXFrameworksBuildPhase section */

/* Begin PBXGroup section */
		0E91F81C6537AB79BD147F24 /* Views */ = {
			isa = PBXGroup;
			children = (
				575E599D6B3AB0CF3993EB3B /* ProgressView.swift */,
				39AA2F2D41B361C9AB8E0D0D /* Spinner.swift */,
			);
			path = Views;
			sourceTree = "<group>";
		};
		1D32D2BF70DB3C8BC7B61A49 /* Core */ = {
			isa = PBXGroup;
			children = (
				A697DC366B5206138EA743FA /* AnySubscription.swift */,
				BEE30708547837344F8550E3 /* Podcasts */,
			);
			path = Core;
			sourceTree = "<group>";
		};
		2AF1DD678AE782F683E207BB /* Models */ = {
			isa = PBXGroup;
			children = (
				D5BA6FC293E6CB56F8466AF3 /* Episode.swift */,
				D50CEC199379C4B683A17006 /* Podcast.swift */,
				7376A08DE998E64010010C65 /* SearchResult.swift */,
			);
			path = Models;
			sourceTree = "<group>";
		};
		2E1D2AEE9684076F76897D53 /* Browse */ = {
			isa = PBXGroup;
			children = (
				6B29C92326A8FAD60974EDF6 /* PodcastBrowserView.swift */,
				7861B4881E5AFB076CDCB78D /* PodcastBrowserViewModel.swift */,
			);
			path = Browse;
			sourceTree = "<group>";
		};
		3C967777E1FB55DF3A4CB2E4 /* Services */ = {
			isa = PBXGroup;
			children = (
				9CBEAE194363D8681CD82833 /* AutoGitHubSubscriptionSyncService.swift */,
				865D93789E3A7D63C6FDE312 /* CrashReportingService.swift */,
				2E2D847EF978AE1B2D3FEEFA /* GitHubSyncService.swift */,
				B56E5D52541222C0393517F7 /* KeychainService.swift */,
				2B4FFB5262DA005D0B6F6344 /* LocalizationService.swift */,
				EE9D7643B9433E2F60E5B677 /* OPMLExportService.swift */,
				2D2CC40325FDD79210D849E5 /* OPMLImportService.swift */,
				4956DF7A3A55BC48F6FB8452 /* PodcastsService.swift */,
				7A071C4481835F0162096089 /* Networking */,
			);
			name = Services;
			path = Podcasts/Services;
			sourceTree = "<group>";
		};
		494C530726CA3A44D549F675 /* Episode */ = {
			isa = PBXGroup;
			children = (
				80865A5DA92642F5F8F65DA0 /* EpisodeView.swift */,
				B07A5CE2C9B4AFBAA2249177 /* EpisodeViewModel.swift */,
			);
			path = Episode;
			sourceTree = "<group>";
		};
		508619CA2B7B59FB227239BA /* Scenes */ = {
			isa = PBXGroup;
			children = (
				4A0284120F762B5E7F612417 /* HomeView.swift */,
				2E1D2AEE9684076F76897D53 /* Browse */,
				494C530726CA3A44D549F675 /* Episode */,
				D63165DBBFEC3B4A04E415E0 /* Player */,
				7BA55F9D820569BC09619D59 /* Podcast */,
				A38A5C445BEB908C700D0C8D /* Podcasts */,
				D09D5CB0650190AD88AE6F93 /* Search */,
				9E8BAD6C52876E43F57F6047 /* Settings */,
				0E91F81C6537AB79BD147F24 /* Views */,
			);
			path = Scenes;
			sourceTree = "<group>";
		};
		5994F140143A07B665066406 /* Podcasts */ = {
			isa = PBXGroup;
			children = (
				25DB4EAC1FF31CA456AA404F /* AppDelegate.swift */,
				A0A1B8D11468E65EA5725E4F /* Info.plist */,
				CA5F330BD26E3BE8A20110F0 /* SceneDelegate.swift */,
				9FE0D35FA66CCE13885B52F0 /* Assets */,
				1D32D2BF70DB3C8BC7B61A49 /* Core */,
				A9A5E2F31F25D57874ADE971 /* Extensions */,
				508619CA2B7B59FB227239BA /* Scenes */,
			);
			path = Podcasts;
			sourceTree = "<group>";
		};
		7A071C4481835F0162096089 /* Networking */ = {
			isa = PBXGroup;
			children = (
				1903269490BEB5185F5A1AEC /* iTunesAPI.swift */,
				4E13D6FCAA9138D0CED28278 /* NetworkingService.swift */,
			);
			path = Networking;
			sourceTree = "<group>";
		};
		7BA55F9D820569BC09619D59 /* Podcast */ = {
			isa = PBXGroup;
			children = (
				B8AFABDCAF7F14FCAE16A4AC /* EpisodeRow.swift */,
				B9674660270C8FBF433D6451 /* PodcastHeaderView.swift */,
				C4AF356E364CD35D63A68E9F /* PodcastView.swift */,
				09099BD6AA917FB7635AB199 /* PodcastViewModel.swift */,
			);
			path = Podcast;
			sourceTree = "<group>";
		};
		82453178660A44B8EC0FE49F /* Frameworks */ = {
			isa = PBXGroup;
			children = (
				24AE4D2731FF99EF5F557E89 /* SwiftUI.framework */,
			);
			name = Frameworks;
			sourceTree = "<group>";
		};
		9DAD8248614E45C7D48722FC /* Products */ = {
			isa = PBXGroup;
			children = (
				9D0F13CA5737C5E2735DB4FD /* Podcasts.app */,
				62B23A33992ECE098FD50E3A /* PodcastsTests.xctest */,
			);
			name = Products;
			sourceTree = "<group>";
		};
		9E8BAD6C52876E43F57F6047 /* Settings */ = {
			isa = PBXGroup;
			children = (
				1FAF441B6D2218853AE2C4E5 /* OPMLDocumentPicker.swift */,
				31FB2D02ACC071E0E88EFEB5 /* SettingsView.swift */,
				297DAC3708F36D1DA48BA18A /* SettingsViewModel.swift */,
			);
			path = Settings;
			sourceTree = "<group>";
		};
		9FE0D35FA66CCE13885B52F0 /* Assets */ = {
			isa = PBXGroup;
			children = (
				3A2DF728CB46F9C2477CBADF /* Assets.xcassets */,
				BEC8CA3B24B96523AAD6F2F6 /* LaunchScreen.storyboard */,
			);
			path = Assets;
			sourceTree = "<group>";
		};
		A38A5C445BEB908C700D0C8D /* Podcasts */ = {
			isa = PBXGroup;
			children = (
				E74D634FEA78D9BDC887C1FD /* PodcastsView.swift */,
				76C38406C2EA22ED1A6EDED9 /* PodcastsViewModel.swift */,
			);
			path = Podcasts;
			sourceTree = "<group>";
		};
		A9A5E2F31F25D57874ADE971 /* Extensions */ = {
			isa = PBXGroup;
			children = (
				6D81228FF6453DBEE40B6429 /* AppDelegate+Container.swift */,
				1C260EF1FA1199AADD78E749 /* Container.swift */,
				AD533A4EF3F7A72A542EC105 /* Date+Formatter.swift */,
				07744BB0CBB2FB145DEACBBA /* ImagesLoader.swift */,
				AB0B08E72D4FB4607F02370C /* Int+Timestamp.swift */,
				AE619032ABB9D1A3362DE5FE /* NotificationExtension.swift */,
				6DE1D18F3AA569EFDCAFAD93 /* RSSFeedExtensions.swift */,
				E62941920A669D0DB7A81C69 /* StringExtensions.swift */,
				91A067BA9D5DFF7EE3D1032C /* UIApplicationExtension.swift */,
				4336200054A8AC2ACFC76C88 /* UIImage+Color.swift */,
				1856E4E07FFCE2D7BB172F74 /* UserDefaultsExtensions.swift */,
			);
			path = Extensions;
			sourceTree = "<group>";
		};
		B2C6A8BB6C3079A06DCD542D = {
			isa = PBXGroup;
			children = (
				D516743609601BD4E009046B /* project.yml */,
				DD1625904E217ED8D2CFC294 /* README.md */,
				43922CB75572E162300E377B /* Services Resources */,
				5994F140143A07B665066406 /* Podcasts */,
				F5C5F559FDC3CA5C2D007575 /* PodcastsTests */,
				DC70158CBB7563C8C6A75F9A /* Preview Content */,
				3C967777E1FB55DF3A4CB2E4 /* Services */,
				82453178660A44B8EC0FE49F /* Frameworks */,
				9DAD8248614E45C7D48722FC /* Products */,
			);
			sourceTree = "<group>";
		};
		BEE30708547837344F8550E3 /* Podcasts */ = {
			isa = PBXGroup;
			children = (
				2AF1DD678AE782F683E207BB /* Models */,
			);
			path = Podcasts;
			sourceTree = "<group>";
		};
		D09D5CB0650190AD88AE6F93 /* Search */ = {
			isa = PBXGroup;
			children = (
				2CF7543CAAECD036B99F253A /* PodcastRow.swift */,
				4453A91890C45994DE440A06 /* SearchBar.swift */,
			);
			path = Search;
			sourceTree = "<group>";
		};
		D63165DBBFEC3B4A04E415E0 /* Player */ = {
			isa = PBXGroup;
			children = (
				CA5AF695C5ADA0570C2E9B0F /* Player.swift */,
				DA5C5556B6D952746890C52F /* PlayerView.swift */,
			);
			path = Player;
			sourceTree = "<group>";
		};
		DC70158CBB7563C8C6A75F9A /* Preview Content */ = {
			isa = PBXGroup;
			children = (
				6F28A1CFBA10A599CB8E0FA5 /* Preview Assets.xcassets */,
				C508FFDFE01DF88740DE2540 /* Previews.swift */,
			);
			name = "Preview Content";
			path = "Podcasts/Preview Content";
			sourceTree = "<group>";
		};
		F5C5F559FDC3CA5C2D007575 /* PodcastsTests */ = {
			isa = PBXGroup;
			children = (
				B124F801EFD5892F413819E5 /* PlayerPlaybackTests.swift */,
				B60C87BF5B42029E67E87269 /* PlayerSpeedTests.swift */,
				AF855F577F0CA87B08147173 /* UIImageColorTests.swift */,
			);
			path = PodcastsTests;
			sourceTree = "<group>";
		};
/* End PBXGroup section */

/* Begin PBXNativeTarget section */
		9905713F9F61AC0BDFB7C200 /* Podcasts */ = {
			isa = PBXNativeTarget;
			buildConfigurationList = 95F65A5A1F90FA7EBB504611 /* Build configuration list for PBXNativeTarget "Podcasts" */;
			buildPhases = (
				D2E1A868FF502662194D7762 /* Sources */,
				B97778B8C19CA5FF40AEAE93 /* Resources */,
				630D957CD3123A48032DB5B4 /* Frameworks */,
			);
			buildRules = (
			);
			dependencies = (
			);
			name = Podcasts;
			packageProductDependencies = (
				9B16300B42DF969BAF6FECA0 /* Sentry */,
			);
			productName = Podcasts;
			productReference = 9D0F13CA5737C5E2735DB4FD /* Podcasts.app */;
			productType = "com.apple.product-type.application";
		};
		A784154D654B99225710A43A /* PodcastsTests */ = {
			isa = PBXNativeTarget;
			buildConfigurationList = 940244FE7D67D7DAF9DAB725 /* Build configuration list for PBXNativeTarget "PodcastsTests" */;
			buildPhases = (
				C446B94F53A8E16DD7F2883A /* Sources */,
			);
			buildRules = (
			);
			dependencies = (
				B20E5CA6BC2A4D635B30C070 /* PBXTargetDependency */,
			);
			name = PodcastsTests;
			packageProductDependencies = (
			);
			productName = PodcastsTests;
			productReference = 62B23A33992ECE098FD50E3A /* PodcastsTests.xctest */;
			productType = "com.apple.product-type.bundle.unit-test";
		};
/* End PBXNativeTarget section */

/* Begin PBXProject section */
		AA155DDC1DFADF9AF3582E6C /* Project object */ = {
			isa = PBXProject;
			attributes = {
				BuildIndependentTargetsInParallel = YES;
				LastUpgradeCheck = 2640;
				ORGANIZATIONNAME = io.github.manuzhang;
				TargetAttributes = {
					9905713F9F61AC0BDFB7C200 = {
						DevelopmentTeam = "";
						ProvisioningStyle = Manual;
					};
					A784154D654B99225710A43A = {
						DevelopmentTeam = "";
						ProvisioningStyle = Automatic;
					};
				};
			};
			buildConfigurationList = 0D164A03F7A60F0BE92DBF60 /* Build configuration list for PBXProject "Podcasts" */;
			developmentRegion = en;
			hasScannedForEncodings = 0;
			knownRegions = (
				Base,
				en,
			);
			mainGroup = B2C6A8BB6C3079A06DCD542D;
			minimizedProjectReferenceProxies = 1;
			packageReferences = (
				BB53840EBBF6C5F505C97B78 /* XCRemoteSwiftPackageReference "sentry-cocoa" */,
			);
			preferredProjectObjectVersion = 77;
			productRefGroup = 9DAD8248614E45C7D48722FC /* Products */;
			projectDirPath = "";
			projectRoot = "";
			targets = (
				9905713F9F61AC0BDFB7C200 /* Podcasts */,
				A784154D654B99225710A43A /* PodcastsTests */,
			);
		};
/* End PBXProject section */

/* Begin PBXResourcesBuildPhase section */
		B97778B8C19CA5FF40AEAE93 /* Resources */ = {
			isa = PBXResourcesBuildPhase;
			buildActionMask = 2147483647;
			files = (
				B53F423D7B18DB4C9B4DA608 /* Assets.xcassets in Resources */,
				45C64D4ECC57BD74B674C5F2 /* LaunchScreen.storyboard in Resources */,
				E80A4606F41953DAA9D839DD /* Services Resources in Resources */,
			);
			runOnlyForDeploymentPostprocessing = 0;
		};
/* End PBXResourcesBuildPhase section */

/* Begin PBXSourcesBuildPhase section */
		C446B94F53A8E16DD7F2883A /* Sources */ = {
			isa = PBXSourcesBuildPhase;
			buildActionMask = 2147483647;
			files = (
				00F8A37ED8256D727EFB8510 /* PlayerPlaybackTests.swift in Sources */,
				50E6EE216BA90514D7989295 /* PlayerSpeedTests.swift in Sources */,
				7AFCAED8FE6F91CB6BEB66C0 /* UIImageColorTests.swift in Sources */,
			);
			runOnlyForDeploymentPostprocessing = 0;
		};
		D2E1A868FF502662194D7762 /* Sources */ = {
			isa = PBXSourcesBuildPhase;
			buildActionMask = 2147483647;
			files = (
				803020EA9F87D4E4AA9AD446 /* AnySubscription.swift in Sources */,
				FFBB14BD4D6F4BE6CA76E481 /* AppDelegate+Container.swift in Sources */,
				F8E832A1CDCC006A54D52D0C /* AppDelegate.swift in Sources */,
				F41C06ABF544C8E05D2351FC /* AutoGitHubSubscriptionSyncService.swift in Sources */,
				37492ACCCBC8421BA499BF04 /* Container.swift in Sources */,
				9F4F7879D37D8EF73CA53629 /* CrashReportingService.swift in Sources */,
				3B8D4C8BDDE2527685160D05 /* Date+Formatter.swift in Sources */,
				8725AA4C33B9563F602A1FB5 /* Episode.swift in Sources */,
				075218E187DA277B510D6CC2 /* EpisodeRow.swift in Sources */,
				0E265AAE0818A84EC2705DE8 /* EpisodeView.swift in Sources */,
				BF77129E9B16F5911015BA74 /* EpisodeViewModel.swift in Sources */,
				DC35D677EA60E3EFB8C806ED /* GitHubSyncService.swift in Sources */,
				D930FBC54F66893A5A1CED08 /* HomeView.swift in Sources */,
				E7C6E2D1D7E0AC47FA290AA0 /* ImagesLoader.swift in Sources */,
				1FB065FF5AFF924E783282C6 /* Int+Timestamp.swift in Sources */,
				C900211AC123966EE83CF1D5 /* KeychainService.swift in Sources */,
				C52835AA29DFDE95F57100A2 /* LocalizationService.swift in Sources */,
				7C116AC094BCEDEE2F6E4EAC /* NetworkingService.swift in Sources */,
				B8CD20A984BD545BED2B16DE /* NotificationExtension.swift in Sources */,
				8073962153B90B631F5C93DA /* OPMLDocumentPicker.swift in Sources */,
				AA551EBCB36FE470444AE39B /* OPMLExportService.swift in Sources */,
				0F3DA46DD30D4998B0952C69 /* OPMLImportService.swift in Sources */,
				3DBE8DDADD74BB1CF8D90DB8 /* Player.swift in Sources */,
				E9B91045412F4D2D6692416E /* PlayerView.swift in Sources */,
				503E80DDACA1947DCDF1DC4F /* Podcast.swift in Sources */,
				D958BD23CBE4B3DFA1FE56FD /* PodcastBrowserView.swift in Sources */,
				B228D2DD497254369702A001 /* PodcastBrowserViewModel.swift in Sources */,
				4AD28E2946AFDD4DE22617DE /* PodcastHeaderView.swift in Sources */,
				098033F23C0F9A0621066A4A /* PodcastRow.swift in Sources */,
				540212563CA7A70AE86C5549 /* PodcastView.swift in Sources */,
				BA9186FFCB9D45F7F9223F87 /* PodcastViewModel.swift in Sources */,
				2441C34ACB518B27EEC8032A /* PodcastsService.swift in Sources */,
				5F9A5A41216C20F0E18DC93C /* PodcastsView.swift in Sources */,
				A681FF5BE4AE840738364F4A /* PodcastsViewModel.swift in Sources */,
				3C3847A2EB800160354DAB8E /* ProgressView.swift in Sources */,
				32F3140378F2544FBBA5C82F /* RSSFeedExtensions.swift in Sources */,
				7810804BB19EEBBECD932BAF /* SceneDelegate.swift in Sources */,
				EAA27A95E15C54B6106E87A4 /* SearchBar.swift in Sources */,
				738D56F704F4943DA06A1CC7 /* SearchResult.swift in Sources */,
				E3FAA97A4C4829DA317624E5 /* SettingsView.swift in Sources */,
				FBFFBD56094E2C044A1BB9F8 /* SettingsViewModel.swift in Sources */,
				42B4CD4AE7C45D3D081FAFB1 /* Spinner.swift in Sources */,
				8910DB0A462D60C513185C2F /* StringExtensions.swift in Sources */,
				555E3F2AF70EE6CB2F60F927 /* UIApplicationExtension.swift in Sources */,
				51D2C5BBD3D79FD1C35F5805 /* UIImage+Color.swift in Sources */,
				F1D5C8DA5EDFB7826F50C3FE /* UserDefaultsExtensions.swift in Sources */,
				A6D4616E260CCD03D4049CEA /* iTunesAPI.swift in Sources */,
			);
			runOnlyForDeploymentPostprocessing = 0;
		};
/* End PBXSourcesBuildPhase section */

/* Begin PBXTargetDependency section */
		B20E5CA6BC2A4D635B30C070 /* PBXTargetDependency */ = {
			isa = PBXTargetDependency;
			target = 9905713F9F61AC0BDFB7C200 /* Podcasts */;
			targetProxy = 871E5FC32F0D43591BBD54F2 /* PBXContainerItemProxy */;
		};
/* End PBXTargetDependency section */

/* Begin PBXVariantGroup section */
		BEC8CA3B24B96523AAD6F2F6 /* LaunchScreen.storyboard */ = {
			isa = PBXVariantGroup;
			children = (
				82A65F733B6DAD662A649B52 /* Base */,
			);
			name = LaunchScreen.storyboard;
			sourceTree = "<group>";
		};
/* End PBXVariantGroup section */

/* Begin XCBuildConfiguration section */
		09D94DBD2506ABD9435A9C78 /* Release */ = {
			isa = XCBuildConfiguration;
			buildSettings = {
				ALWAYS_EMBED_SWIFT_STANDARD_LIBRARIES = YES;
				BUNDLE_LOADER = "$(TEST_HOST)";
				CODE_SIGN_STYLE = Automatic;
				DEVELOPMENT_TEAM = "";
				GENERATE_INFOPLIST_FILE = YES;
				LD_RUNPATH_SEARCH_PATHS = (
					"$(inherited)",
					"@executable_path/Frameworks",
					"@loader_path/Frameworks",
				);
				PRODUCT_BUNDLE_IDENTIFIER = io.github.manuzhang.CastifyTests;
				PRODUCT_NAME = "$(TARGET_NAME)";
				SDKROOT = iphoneos;
				TARGETED_DEVICE_FAMILY = "1,2";
				TEST_HOST = "$(BUILT_PRODUCTS_DIR)/Castify.app/Castify";
			};
			name = Release;
		};
		507088123C7010EC7845590D /* Release */ = {
			isa = XCBuildConfiguration;
			buildSettings = {
				ALWAYS_SEARCH_USER_PATHS = NO;
				CLANG_ANALYZER_NONNULL = YES;
				CLANG_ANALYZER_NUMBER_OBJECT_CONVERSION = YES_AGGRESSIVE;
				CLANG_CXX_LANGUAGE_STANDARD = "gnu++14";
				CLANG_CXX_LIBRARY = "libc++";
				CLANG_ENABLE_MODULES = YES;
				CLANG_ENABLE_OBJC_ARC = YES;
				CLANG_ENABLE_OBJC_WEAK = YES;
				CLANG_WARN_BLOCK_CAPTURE_AUTORELEASING = YES;
				CLANG_WARN_BOOL_CONVERSION = YES;
				CLANG_WARN_COMMA = YES;
				CLANG_WARN_CONSTANT_CONVERSION = YES;
				CLANG_WARN_DEPRECATED_OBJC_IMPLEMENTATIONS = YES;
				CLANG_WARN_DIRECT_OBJC_ISA_USAGE = YES_ERROR;
				CLANG_WARN_DOCUMENTATION_COMMENTS = YES;
				CLANG_WARN_EMPTY_BODY = YES;
				CLANG_WARN_ENUM_CONVERSION = YES;
				CLANG_WARN_INFINITE_RECURSION = YES;
				CLANG_WARN_INT_CONVERSION = YES;
				CLANG_WARN_NON_LITERAL_NULL_CONVERSION = YES;
				CLANG_WARN_OBJC_IMPLICIT_RETAIN_SELF = YES;
				CLANG_WARN_OBJC_LITERAL_CONVERSION = YES;
				CLANG_WARN_OBJC_ROOT_CLASS = YES_ERROR;
				CLANG_WARN_QUOTED_INCLUDE_IN_FRAMEWORK_HEADER = YES;
				CLANG_WARN_RANGE_LOOP_ANALYSIS = YES;
				CLANG_WARN_STRICT_PROTOTYPES = YES;
				CLANG_WARN_SUSPICIOUS_MOVE = YES;
				CLANG_WARN_UNGUARDED_AVAILABILITY = YES_AGGRESSIVE;
				CLANG_WARN_UNREACHABLE_CODE = YES;
				CLANG_WARN__DUPLICATE_METHOD_MATCH = YES;
				COPY_PHASE_STRIP = NO;
				DEBUG_INFORMATION_FORMAT = "dwarf-with-dsym";
				ENABLE_NS_ASSERTIONS = NO;
				ENABLE_STRICT_OBJC_MSGSEND = YES;
				GCC_C_LANGUAGE_STANDARD = gnu11;
				GCC_NO_COMMON_BLOCKS = YES;
				GCC_WARN_64_TO_32_BIT_CONVERSION = YES;
				GCC_WARN_ABOUT_RETURN_TYPE = YES_ERROR;
				GCC_WARN_UNDECLARED_SELECTOR = YES;
				GCC_WARN_UNINITIALIZED_AUTOS = YES_AGGRESSIVE;
				GCC_WARN_UNUSED_FUNCTION = YES;
				GCC_WARN_UNUSED_VARIABLE = YES;
				IPHONEOS_DEPLOYMENT_TARGET = 13.0;
				MTL_ENABLE_DEBUG_INFO = NO;
				MTL_FAST_MATH = YES;
				PRODUCT_NAME = "$(TARGET_NAME)";
				SDKROOT = iphoneos;
				SWIFT_COMPILATION_MODE = wholemodule;
				SWIFT_OPTIMIZATION_LEVEL = "-O";
				SWIFT_VERSION = 5.0;
			};
			name = Release;
		};
		8321CFC8F87D4886392F9FFD /* Debug */ = {
			isa = XCBuildConfiguration;
			buildSettings = {
				ASSETCATALOG_COMPILER_APPICON_NAME = AppIcon;
				CODE_SIGN_IDENTITY = "iPhone Developer";
				CODE_SIGN_STYLE = Manual;
				DEVELOPMENT_ASSET_PATHS = "\"Podcasts/Preview Content\"";
				DEVELOPMENT_TEAM = "";
				ENABLE_PREVIEWS = YES;
				INFOPLIST_FILE = Podcasts/Info.plist;
				LD_RUNPATH_SEARCH_PATHS = (
					"$(inherited)",
					"@executable_path/Frameworks",
				);
				PRODUCT_BUNDLE_IDENTIFIER = io.github.manuzhang.Castify;
				PRODUCT_MODULE_NAME = Castify;
				PRODUCT_NAME = Castify;
				PROVISIONING_PROFILE_SPECIFIER = "";
				SDKROOT = iphoneos;
				SENTRY_DSN = "";
				SENTRY_ENVIRONMENT = debug;
				TARGETED_DEVICE_FAMILY = 1;
			};
			name = Debug;
		};
		8AF0CD20342870F90FC1528E /* Release */ = {
			isa = XCBuildConfiguration;
			buildSettings = {
				ASSETCATALOG_COMPILER_APPICON_NAME = AppIcon;
				CODE_SIGN_IDENTITY = "iPhone Developer";
				CODE_SIGN_STYLE = Manual;
				DEVELOPMENT_ASSET_PATHS = "\"Podcasts/Preview Content\"";
				DEVELOPMENT_TEAM = "";
				ENABLE_PREVIEWS = YES;
				INFOPLIST_FILE = Podcasts/Info.plist;
				LD_RUNPATH_SEARCH_PATHS = (
					"$(inherited)",
					"@executable_path/Frameworks",
				);
				PRODUCT_BUNDLE_IDENTIFIER = io.github.manuzhang.Castify;
				PRODUCT_MODULE_NAME = Castify;
				PRODUCT_NAME = Castify;
				PROVISIONING_PROFILE_SPECIFIER = "";
				SDKROOT = iphoneos;
				SENTRY_DSN = "";
				SENTRY_ENVIRONMENT = production;
				TARGETED_DEVICE_FAMILY = 1;
			};
			name = Release;
		};
		91CDD7D1792451714F582733 /* Debug */ = {
			isa = XCBuildConfiguration;
			buildSettings = {
				ALWAYS_EMBED_SWIFT_STANDARD_LIBRARIES = YES;
				BUNDLE_LOADER = "$(TEST_HOST)";
				CODE_SIGN_STYLE = Automatic;
				DEVELOPMENT_TEAM = "";
				GENERATE_INFOPLIST_FILE = YES;
				LD_RUNPATH_SEARCH_PATHS = (
					"$(inherited)",
					"@executable_path/Frameworks",
					"@loader_path/Frameworks",
				);
				PRODUCT_BUNDLE_IDENTIFIER = io.github.manuzhang.CastifyTests;
				PRODUCT_NAME = "$(TARGET_NAME)";
				SDKROOT = iphoneos;
				TARGETED_DEVICE_FAMILY = "1,2";
				TEST_HOST = "$(BUILT_PRODUCTS_DIR)/Castify.app/Castify";
			};
			name = Debug;
		};
		983AEB8A0DFFF484F06B8B18 /* Debug */ = {
			isa = XCBuildConfiguration;
			buildSettings = {
				ALWAYS_SEARCH_USER_PATHS = NO;
				CLANG_ANALYZER_NONNULL = YES;
				CLANG_ANALYZER_NUMBER_OBJECT_CONVERSION = YES_AGGRESSIVE;
				CLANG_CXX_LANGUAGE_STANDARD = "gnu++14";
				CLANG_CXX_LIBRARY = "libc++";
				CLANG_ENABLE_MODULES = YES;
				CLANG_ENABLE_OBJC_ARC = YES;
				CLANG_ENABLE_OBJC_WEAK = YES;
				CLANG_WARN_BLOCK_CAPTURE_AUTORELEASING = YES;
				CLANG_WARN_BOOL_CONVERSION = YES;
				CLANG_WARN_COMMA = YES;
				CLANG_WARN_CONSTANT_CONVERSION = YES;
				CLANG_WARN_DEPRECATED_OBJC_IMPLEMENTATIONS = YES;
				CLANG_WARN_DIRECT_OBJC_ISA_USAGE = YES_ERROR;
				CLANG_WARN_DOCUMENTATION_COMMENTS = YES;
				CLANG_WARN_EMPTY_BODY = YES;
				CLANG_WARN_ENUM_CONVERSION = YES;
				CLANG_WARN_INFINITE_RECURSION = YES;
				CLANG_WARN_INT_CONVERSION = YES;
				CLANG_WARN_NON_LITERAL_NULL_CONVERSION = YES;
				CLANG_WARN_OBJC_IMPLICIT_RETAIN_SELF = YES;
				CLANG_WARN_OBJC_LITERAL_CONVERSION = YES;
				CLANG_WARN_OBJC_ROOT_CLASS = YES_ERROR;
				CLANG_WARN_QUOTED_INCLUDE_IN_FRAMEWORK_HEADER = YES;
				CLANG_WARN_RANGE_LOOP_ANALYSIS = YES;
				CLANG_WARN_STRICT_PROTOTYPES = YES;
				CLANG_WARN_SUSPICIOUS_MOVE = YES;
				CLANG_WARN_UNGUARDED_AVAILABILITY = YES_AGGRESSIVE;
				CLANG_WARN_UNREACHABLE_CODE = YES;
				CLANG_WARN__DUPLICATE_METHOD_MATCH = YES;
				COPY_PHASE_STRIP = NO;
				DEBUG_INFORMATION_FORMAT = dwarf;
				ENABLE_STRICT_OBJC_MSGSEND = YES;
				ENABLE_TESTABILITY = YES;
				GCC_C_LANGUAGE_STANDARD = gnu11;
				GCC_DYNAMIC_NO_PIC = NO;
				GCC_NO_COMMON_BLOCKS = YES;
				GCC_OPTIMIZATION_LEVEL = 0;
				GCC_PREPROCESSOR_DEFINITIONS = (
					"$(inherited)",
					"DEBUG=1",
				);
				GCC_WARN_64_TO_32_BIT_CONVERSION = YES;
				GCC_WARN_ABOUT_RETURN_TYPE = YES_ERROR;
				GCC_WARN_UNDECLARED_SELECTOR = YES;
				GCC_WARN_UNINITIALIZED_AUTOS = YES_AGGRESSIVE;
				GCC_WARN_UNUSED_FUNCTION = YES;
				GCC_WARN_UNUSED_VARIABLE = YES;
				IPHONEOS_DEPLOYMENT_TARGET = 13.0;
				MTL_ENABLE_DEBUG_INFO = INCLUDE_SOURCE;
				MTL_FAST_MATH = YES;
				ONLY_ACTIVE_ARCH = YES;
				PRODUCT_NAME = "$(TARGET_NAME)";
				SDKROOT = iphoneos;
				SWIFT_ACTIVE_COMPILATION_CONDITIONS = DEBUG;
				SWIFT_OPTIMIZATION_LEVEL = "-Onone";
				SWIFT_VERSION = 5.0;
			};
			name = Debug;
		};
/* End XCBuildConfiguration section */

/* Begin XCConfigurationList section */
		0D164A03F7A60F0BE92DBF60 /* Build configuration list for PBXProject "Podcasts" */ = {
			isa = XCConfigurationList;
			buildConfigurations = (
				983AEB8A0DFFF484F06B8B18 /* Debug */,
				507088123C7010EC7845590D /* Release */,
			);
			defaultConfigurationIsVisible = 0;
			defaultConfigurationName = Release;
		};
		940244FE7D67D7DAF9DAB725 /* Build configuration list for PBXNativeTarget "PodcastsTests" */ = {
			isa = XCConfigurationList;
			buildConfigurations = (
				91CDD7D1792451714F582733 /* Debug */,
				09D94DBD2506ABD9435A9C78 /* Release */,
			);
			defaultConfigurationIsVisible = 0;
			defaultConfigurationName = Release;
		};
		95F65A5A1F90FA7EBB504611 /* Build configuration list for PBXNativeTarget "Podcasts" */ = {
			isa = XCConfigurationList;
			buildConfigurations = (
				8321CFC8F87D4886392F9FFD /* Debug */,
				8AF0CD20342870F90FC1528E /* Release */,
			);
			defaultConfigurationIsVisible = 0;
			defaultConfigurationName = Release;
		};
/* End XCConfigurationList section */

/* Begin XCRemoteSwiftPackageReference section */
		BB53840EBBF6C5F505C97B78 /* XCRemoteSwiftPackageReference "sentry-cocoa" */ = {
			isa = XCRemoteSwiftPackageReference;
			repositoryURL = "https://github.com/getsentry/sentry-cocoa.git";
			requirement = {
				kind = exactVersion;
				version = 8.58.3;
			};
		};
/* End XCRemoteSwiftPackageReference section */

/* Begin XCSwiftPackageProductDependency section */
		9B16300B42DF969BAF6FECA0 /* Sentry */ = {
			isa = XCSwiftPackageProductDependency;
			package = BB53840EBBF6C5F505C97B78 /* XCRemoteSwiftPackageReference "sentry-cocoa" */;
			productName = Sentry;
		};
/* End XCSwiftPackageProductDependency section */
	};
	rootObject = AA155DDC1DFADF9AF3582E6C /* Project object */;
}
